# This file is generated by running "yarn install" inside your project.
# Manual changes might be lost - proceed with caution!

__metadata:
  version: 6
  cacheKey: 8

"@ethersproject/abi@npm:5.5.0, @ethersproject/abi@npm:^5.5.0":
  version: 5.5.0
  resolution: "@ethersproject/abi@npm:5.5.0"
  dependencies:
    "@ethersproject/address": ^5.5.0
    "@ethersproject/bignumber": ^5.5.0
    "@ethersproject/bytes": ^5.5.0
    "@ethersproject/constants": ^5.5.0
    "@ethersproject/hash": ^5.5.0
    "@ethersproject/keccak256": ^5.5.0
    "@ethersproject/logger": ^5.5.0
    "@ethersproject/properties": ^5.5.0
    "@ethersproject/strings": ^5.5.0
  checksum: cb539220c64cb5a095cfd75a7e5a5c101759644af566dbf1b2a028a9609643d1eaa8fcff720adfb7f2b5527864be787be90d4df4f2c0c385a84b3215522bb61b
  languageName: node
  linkType: hard

"@ethersproject/abi@npm:5.7.0, @ethersproject/abi@npm:^5.7.0":
  version: 5.7.0
  resolution: "@ethersproject/abi@npm:5.7.0"
  dependencies:
    "@ethersproject/address": ^5.7.0
    "@ethersproject/bignumber": ^5.7.0
    "@ethersproject/bytes": ^5.7.0
    "@ethersproject/constants": ^5.7.0
    "@ethersproject/hash": ^5.7.0
    "@ethersproject/keccak256": ^5.7.0
    "@ethersproject/logger": ^5.7.0
    "@ethersproject/properties": ^5.7.0
    "@ethersproject/strings": ^5.7.0
  checksum: bc6962bb6cb854e4d2a4d65b2c49c716477675b131b1363312234bdbb7e19badb7d9ce66f4ca2a70ae2ea84f7123dbc4e300a1bfe5d58864a7eafabc1466627e
  languageName: node
  linkType: hard

"@ethersproject/abstract-provider@npm:5.5.1, @ethersproject/abstract-provider@npm:^5.5.0":
  version: 5.5.1
  resolution: "@ethersproject/abstract-provider@npm:5.5.1"
  dependencies:
    "@ethersproject/bignumber": ^5.5.0
    "@ethersproject/bytes": ^5.5.0
    "@ethersproject/logger": ^5.5.0
    "@ethersproject/networks": ^5.5.0
    "@ethersproject/properties": ^5.5.0
    "@ethersproject/transactions": ^5.5.0
    "@ethersproject/web": ^5.5.0
  checksum: 73ee68b2320cd436b57a67051606b6d062ddebed6fd4c52b30c02134b81e43aca9bb1815c0956f3c8f519ddbaf9710f349021d1f054f11a88361e0c3f1a9b9f2
  languageName: node
  linkType: hard

"@ethersproject/abstract-provider@npm:5.7.0, @ethersproject/abstract-provider@npm:^5.7.0":
  version: 5.7.0
  resolution: "@ethersproject/abstract-provider@npm:5.7.0"
  dependencies:
    "@ethersproject/bignumber": ^5.7.0
    "@ethersproject/bytes": ^5.7.0
    "@ethersproject/logger": ^5.7.0
    "@ethersproject/networks": ^5.7.0
    "@ethersproject/properties": ^5.7.0
    "@ethersproject/transactions": ^5.7.0
    "@ethersproject/web": ^5.7.0
  checksum: 74cf4696245cf03bb7cc5b6cbf7b4b89dd9a79a1c4688126d214153a938126d4972d42c93182198653ce1de35f2a2cad68be40337d4774b3698a39b28f0228a8
  languageName: node
  linkType: hard

"@ethersproject/abstract-signer@npm:5.5.0, @ethersproject/abstract-signer@npm:^5.5.0":
  version: 5.5.0
  resolution: "@ethersproject/abstract-signer@npm:5.5.0"
  dependencies:
    "@ethersproject/abstract-provider": ^5.5.0
    "@ethersproject/bignumber": ^5.5.0
    "@ethersproject/bytes": ^5.5.0
    "@ethersproject/logger": ^5.5.0
    "@ethersproject/properties": ^5.5.0
  checksum: d0de55b8b49b43de9976cc2fd73deff33700cea088e50ae46aa71cc0962d5f770f782be584541230253ecc125e238e2123abf11f692d7b019a1e43e6526b2197
  languageName: node
  linkType: hard

"@ethersproject/abstract-signer@npm:5.7.0, @ethersproject/abstract-signer@npm:^5.7.0":
  version: 5.7.0
  resolution: "@ethersproject/abstract-signer@npm:5.7.0"
  dependencies:
    "@ethersproject/abstract-provider": ^5.7.0
    "@ethersproject/bignumber": ^5.7.0
    "@ethersproject/bytes": ^5.7.0
    "@ethersproject/logger": ^5.7.0
    "@ethersproject/properties": ^5.7.0
  checksum: a823dac9cfb761e009851050ebebd5b229d1b1cc4a75b125c2da130ff37e8218208f7f9d1386f77407705b889b23d4a230ad67185f8872f083143e0073cbfbe3
  languageName: node
  linkType: hard

"@ethersproject/address@npm:5.5.0, @ethersproject/address@npm:^5.5.0":
  version: 5.5.0
  resolution: "@ethersproject/address@npm:5.5.0"
  dependencies:
    "@ethersproject/bignumber": ^5.5.0
    "@ethersproject/bytes": ^5.5.0
    "@ethersproject/keccak256": ^5.5.0
    "@ethersproject/logger": ^5.5.0
    "@ethersproject/rlp": ^5.5.0
  checksum: fa4d2b7ad67d1f1bffc017ccf99274fc455d0afae25ab718c822aa4472fbbf544d1a7bf87c1e75b1f97f9018564a02fd05332dd6daab48dd1efc00b6fe12d45e
  languageName: node
  linkType: hard

"@ethersproject/address@npm:5.7.0, @ethersproject/address@npm:^5.7.0":
  version: 5.7.0
  resolution: "@ethersproject/address@npm:5.7.0"
  dependencies:
    "@ethersproject/bignumber": ^5.7.0
    "@ethersproject/bytes": ^5.7.0
    "@ethersproject/keccak256": ^5.7.0
    "@ethersproject/logger": ^5.7.0
    "@ethersproject/rlp": ^5.7.0
  checksum: 64ea5ebea9cc0e845c413e6cb1e54e157dd9fc0dffb98e239d3a3efc8177f2ff798cd4e3206cf3660ee8faeb7bef1a47dc0ebef0d7b132c32e61e550c7d4c843
  languageName: node
  linkType: hard

"@ethersproject/base64@npm:5.5.0, @ethersproject/base64@npm:^5.5.0":
  version: 5.5.0
  resolution: "@ethersproject/base64@npm:5.5.0"
  dependencies:
    "@ethersproject/bytes": ^5.5.0
  checksum: 2d0904093b8e552e201c1b0f1f28ba1b0c950ee4969d626f795241349e4d50cdefd4accf66da50c31a82d625c9b52d839411fb2ed731ede3f8c8dbe8bfee61b9
  languageName: node
  linkType: hard

"@ethersproject/base64@npm:5.7.0, @ethersproject/base64@npm:^5.7.0":
  version: 5.7.0
  resolution: "@ethersproject/base64@npm:5.7.0"
  dependencies:
    "@ethersproject/bytes": ^5.7.0
  checksum: 7dd5d734d623582f08f665434f53685041a3d3b334a0e96c0c8afa8bbcaab934d50e5b6b980e826a8fde8d353e0b18f11e61faf17468177274b8e7c69cd9742b
  languageName: node
  linkType: hard

"@ethersproject/basex@npm:5.5.0, @ethersproject/basex@npm:^5.5.0":
  version: 5.5.0
  resolution: "@ethersproject/basex@npm:5.5.0"
  dependencies:
    "@ethersproject/bytes": ^5.5.0
    "@ethersproject/properties": ^5.5.0
  checksum: b1497ae825a72cfb654010595b83a12d74a9ec360a6ad43e57bc02ac865237553abbf4d2dd06bd3447e7c225c4f73b77c8b3f048ce2d26655bc41ec39220f75f
  languageName: node
  linkType: hard

"@ethersproject/basex@npm:5.7.0, @ethersproject/basex@npm:^5.7.0":
  version: 5.7.0
  resolution: "@ethersproject/basex@npm:5.7.0"
  dependencies:
    "@ethersproject/bytes": ^5.7.0
    "@ethersproject/properties": ^5.7.0
  checksum: 326087b7e1f3787b5fe6cd1cf2b4b5abfafbc355a45e88e22e5e9d6c845b613ffc5301d629b28d5c4d5e2bfe9ec424e6782c804956dff79be05f0098cb5817de
  languageName: node
  linkType: hard

"@ethersproject/bignumber@npm:5.5.0, @ethersproject/bignumber@npm:^5.5.0":
  version: 5.5.0
  resolution: "@ethersproject/bignumber@npm:5.5.0"
  dependencies:
    "@ethersproject/bytes": ^5.5.0
    "@ethersproject/logger": ^5.5.0
    bn.js: ^4.11.9
  checksum: b18aa583130a9f66d13a998e13f06d6bbd039ae222208c92b7e3836831678b67d8deb07754c221f0102ad7418929f97a5e54fe37400215cbfc012dda2ca0fcff
  languageName: node
  linkType: hard

"@ethersproject/bignumber@npm:5.7.0, @ethersproject/bignumber@npm:^5.7.0":
  version: 5.7.0
  resolution: "@ethersproject/bignumber@npm:5.7.0"
  dependencies:
    "@ethersproject/bytes": ^5.7.0
    "@ethersproject/logger": ^5.7.0
    bn.js: ^5.2.1
  checksum: 8c9a134b76f3feb4ec26a5a27379efb4e156b8fb2de0678a67788a91c7f4e30abe9d948638458e4b20f2e42380da0adacc7c9389d05fce070692edc6ae9b4904
  languageName: node
  linkType: hard

"@ethersproject/bytes@npm:5.5.0, @ethersproject/bytes@npm:^5.5.0":
  version: 5.5.0
  resolution: "@ethersproject/bytes@npm:5.5.0"
  dependencies:
    "@ethersproject/logger": ^5.5.0
  checksum: ca55e208ccf4bf5d9a7a1fd9e39035c328a3e5b549657ef58530def787ed750d74d91eeb2ed7cd4bfdb8b1a2a319d6e48abb1d7b3b48a1f59a5ab33adbbc8176
  languageName: node
  linkType: hard

"@ethersproject/bytes@npm:5.7.0, @ethersproject/bytes@npm:^5.7.0":
  version: 5.7.0
  resolution: "@ethersproject/bytes@npm:5.7.0"
  dependencies:
    "@ethersproject/logger": ^5.7.0
  checksum: 66ad365ceaab5da1b23b72225c71dce472cf37737af5118181fa8ab7447d696bea15ca22e3a0e8836fdd8cfac161afe321a7c67d0dde96f9f645ddd759676621
  languageName: node
  linkType: hard

"@ethersproject/constants@npm:5.5.0, @ethersproject/constants@npm:^5.5.0":
  version: 5.5.0
  resolution: "@ethersproject/constants@npm:5.5.0"
  dependencies:
    "@ethersproject/bignumber": ^5.5.0
  checksum: 20519ec5abcbff6d2a7f1260f58b33e1c472abdfb2ee3d5428d08091484fed572f8f873b1cb0410f9248f92512016bbf680324f9f2a537b5f65413a6a1359fd3
  languageName: node
  linkType: hard

"@ethersproject/constants@npm:5.7.0, @ethersproject/constants@npm:^5.7.0":
  version: 5.7.0
  resolution: "@ethersproject/constants@npm:5.7.0"
  dependencies:
    "@ethersproject/bignumber": ^5.7.0
  checksum: 6d4b1355747cce837b3e76ec3bde70e4732736f23b04f196f706ebfa5d4d9c2be50904a390d4d40ce77803b98d03d16a9b6898418e04ba63491933ce08c4ba8a
  languageName: node
  linkType: hard

"@ethersproject/contracts@npm:5.5.0":
  version: 5.5.0
  resolution: "@ethersproject/contracts@npm:5.5.0"
  dependencies:
    "@ethersproject/abi": ^5.5.0
    "@ethersproject/abstract-provider": ^5.5.0
    "@ethersproject/abstract-signer": ^5.5.0
    "@ethersproject/address": ^5.5.0
    "@ethersproject/bignumber": ^5.5.0
    "@ethersproject/bytes": ^5.5.0
    "@ethersproject/constants": ^5.5.0
    "@ethersproject/logger": ^5.5.0
    "@ethersproject/properties": ^5.5.0
    "@ethersproject/transactions": ^5.5.0
  checksum: 53b00ebf657357e0d61ba8c61a47a391cec362ff334bb2eef134a4def16080bf681f592e2ee6594161a713c55b45d20aaf295bf205c6d97e1289df4f9ebb0d90
  languageName: node
  linkType: hard

"@ethersproject/contracts@npm:5.7.0":
  version: 5.7.0
  resolution: "@ethersproject/contracts@npm:5.7.0"
  dependencies:
    "@ethersproject/abi": ^5.7.0
    "@ethersproject/abstract-provider": ^5.7.0
    "@ethersproject/abstract-signer": ^5.7.0
    "@ethersproject/address": ^5.7.0
    "@ethersproject/bignumber": ^5.7.0
    "@ethersproject/bytes": ^5.7.0
    "@ethersproject/constants": ^5.7.0
    "@ethersproject/logger": ^5.7.0
    "@ethersproject/properties": ^5.7.0
    "@ethersproject/transactions": ^5.7.0
  checksum: 6ccf1121cba01b31e02f8c507cb971ab6bfed85706484a9ec09878ef1594a62215f43c4fdef8f4a4875b99c4a800bc95e3be69b1803f8ce479e07634b5a740c0
  languageName: node
  linkType: hard

"@ethersproject/hash@npm:5.5.0, @ethersproject/hash@npm:^5.5.0":
  version: 5.5.0
  resolution: "@ethersproject/hash@npm:5.5.0"
  dependencies:
    "@ethersproject/abstract-signer": ^5.5.0
    "@ethersproject/address": ^5.5.0
    "@ethersproject/bignumber": ^5.5.0
    "@ethersproject/bytes": ^5.5.0
    "@ethersproject/keccak256": ^5.5.0
    "@ethersproject/logger": ^5.5.0
    "@ethersproject/properties": ^5.5.0
    "@ethersproject/strings": ^5.5.0
  checksum: 38e8801553a45eeabb4aa72f5a6eeb9dd7a9c5bb44b1691b6630ca2e991e0319871d7d17ffbcdfdca921f9e8240ee915de548bce1527738b6dc76231cbb52044
  languageName: node
  linkType: hard

"@ethersproject/hash@npm:5.7.0, @ethersproject/hash@npm:^5.7.0":
  version: 5.7.0
  resolution: "@ethersproject/hash@npm:5.7.0"
  dependencies:
    "@ethersproject/abstract-signer": ^5.7.0
    "@ethersproject/address": ^5.7.0
    "@ethersproject/base64": ^5.7.0
    "@ethersproject/bignumber": ^5.7.0
    "@ethersproject/bytes": ^5.7.0
    "@ethersproject/keccak256": ^5.7.0
    "@ethersproject/logger": ^5.7.0
    "@ethersproject/properties": ^5.7.0
    "@ethersproject/strings": ^5.7.0
  checksum: 6e9fa8d14eb08171cd32f17f98cc108ec2aeca74a427655f0d689c550fee0b22a83b3b400fad7fb3f41cf14d4111f87f170aa7905bcbcd1173a55f21b06262ef
  languageName: node
  linkType: hard

"@ethersproject/hdnode@npm:5.5.0, @ethersproject/hdnode@npm:^5.5.0":
  version: 5.5.0
  resolution: "@ethersproject/hdnode@npm:5.5.0"
  dependencies:
    "@ethersproject/abstract-signer": ^5.5.0
    "@ethersproject/basex": ^5.5.0
    "@ethersproject/bignumber": ^5.5.0
    "@ethersproject/bytes": ^5.5.0
    "@ethersproject/logger": ^5.5.0
    "@ethersproject/pbkdf2": ^5.5.0
    "@ethersproject/properties": ^5.5.0
    "@ethersproject/sha2": ^5.5.0
    "@ethersproject/signing-key": ^5.5.0
    "@ethersproject/strings": ^5.5.0
    "@ethersproject/transactions": ^5.5.0
    "@ethersproject/wordlists": ^5.5.0
  checksum: 18c12807a837b6440a2bdbfe6010b7b341211ae103d011c299377dfab83ce8991bf4e85a7a214446b48178ff3c748bc167384836b3c639878666fb63f548fad6
  languageName: node
  linkType: hard

"@ethersproject/hdnode@npm:5.7.0, @ethersproject/hdnode@npm:^5.7.0":
  version: 5.7.0
  resolution: "@ethersproject/hdnode@npm:5.7.0"
  dependencies:
    "@ethersproject/abstract-signer": ^5.7.0
    "@ethersproject/basex": ^5.7.0
    "@ethersproject/bignumber": ^5.7.0
    "@ethersproject/bytes": ^5.7.0
    "@ethersproject/logger": ^5.7.0
    "@ethersproject/pbkdf2": ^5.7.0
    "@ethersproject/properties": ^5.7.0
    "@ethersproject/sha2": ^5.7.0
    "@ethersproject/signing-key": ^5.7.0
    "@ethersproject/strings": ^5.7.0
    "@ethersproject/transactions": ^5.7.0
    "@ethersproject/wordlists": ^5.7.0
  checksum: bfe5ca2d89a42de73655f853170ef4766b933c5f481cddad709b3aca18823275b096e572f92d1602a052f80b426edde44ad6b9d028799775a7dad4a5bbed2133
  languageName: node
  linkType: hard

"@ethersproject/json-wallets@npm:5.5.0, @ethersproject/json-wallets@npm:^5.5.0":
  version: 5.5.0
  resolution: "@ethersproject/json-wallets@npm:5.5.0"
  dependencies:
    "@ethersproject/abstract-signer": ^5.5.0
    "@ethersproject/address": ^5.5.0
    "@ethersproject/bytes": ^5.5.0
    "@ethersproject/hdnode": ^5.5.0
    "@ethersproject/keccak256": ^5.5.0
    "@ethersproject/logger": ^5.5.0
    "@ethersproject/pbkdf2": ^5.5.0
    "@ethersproject/properties": ^5.5.0
    "@ethersproject/random": ^5.5.0
    "@ethersproject/strings": ^5.5.0
    "@ethersproject/transactions": ^5.5.0
    aes-js: 3.0.0
    scrypt-js: 3.0.1
  checksum: 55166bcef805382348c8756feb383f4e10fb4fa7938a3ec17fb738d16f329fafedcbbe6daedf7dcc9dc3ebb5b7db326870dd63596381c9babec458c616563a4e
  languageName: node
  linkType: hard

"@ethersproject/json-wallets@npm:5.7.0, @ethersproject/json-wallets@npm:^5.7.0":
  version: 5.7.0
  resolution: "@ethersproject/json-wallets@npm:5.7.0"
  dependencies:
    "@ethersproject/abstract-signer": ^5.7.0
    "@ethersproject/address": ^5.7.0
    "@ethersproject/bytes": ^5.7.0
    "@ethersproject/hdnode": ^5.7.0
    "@ethersproject/keccak256": ^5.7.0
    "@ethersproject/logger": ^5.7.0
    "@ethersproject/pbkdf2": ^5.7.0
    "@ethersproject/properties": ^5.7.0
    "@ethersproject/random": ^5.7.0
    "@ethersproject/strings": ^5.7.0
    "@ethersproject/transactions": ^5.7.0
    aes-js: 3.0.0
    scrypt-js: 3.0.1
  checksum: f583458d22db62efaaf94d38dd243482776a45bf90f9f3882fbad5aa0b8fd288b41eb7c1ff8ec0b99c9b751088e43d6173530db64dd33c59f9d8daa8d7ad5aa2
  languageName: node
  linkType: hard

"@ethersproject/keccak256@npm:5.5.0, @ethersproject/keccak256@npm:^5.5.0":
  version: 5.5.0
  resolution: "@ethersproject/keccak256@npm:5.5.0"
  dependencies:
    "@ethersproject/bytes": ^5.5.0
    js-sha3: 0.8.0
  checksum: 587590c8448f3e1db52320d4fecc807d94a8ee83253110c076c7f8ce3b3127f7fd56c302f1ee80e6bc2764a4949a490ee5143344fabfad2a65020dc2f5896a85
  languageName: node
  linkType: hard

"@ethersproject/keccak256@npm:5.7.0, @ethersproject/keccak256@npm:^5.7.0":
  version: 5.7.0
  resolution: "@ethersproject/keccak256@npm:5.7.0"
  dependencies:
    "@ethersproject/bytes": ^5.7.0
    js-sha3: 0.8.0
  checksum: ff70950d82203aab29ccda2553422cbac2e7a0c15c986bd20a69b13606ed8bb6e4fdd7b67b8d3b27d4f841e8222cbaccd33ed34be29f866fec7308f96ed244c6
  languageName: node
  linkType: hard

"@ethersproject/logger@npm:5.5.0, @ethersproject/logger@npm:^5.5.0":
  version: 5.5.0
  resolution: "@ethersproject/logger@npm:5.5.0"
  checksum: 61d813ef8b9049e406f0b0b095f40a3809f8097dab4aaac980d91866a0e2718582d8e9d68b4280c7935546d3116cbc93a635d8f82e2a7963d6e2a1d43f29eb9a
  languageName: node
  linkType: hard

"@ethersproject/logger@npm:5.7.0, @ethersproject/logger@npm:^5.7.0":
  version: 5.7.0
  resolution: "@ethersproject/logger@npm:5.7.0"
  checksum: 075ab2f605f1fd0813f2e39c3308f77b44a67732b36e712d9bc085f22a84aac4da4f71b39bee50fe78da3e1c812673fadc41180c9970fe5e486e91ea17befe0d
  languageName: node
  linkType: hard

"@ethersproject/networks@npm:5.5.1, @ethersproject/networks@npm:^5.5.0":
  version: 5.5.1
  resolution: "@ethersproject/networks@npm:5.5.1"
  dependencies:
    "@ethersproject/logger": ^5.5.0
  checksum: 467861e394b4d1ea353b37d0ee4b2d5f5b3b99714ed7304db30503b370b9329986299162316f2bcec7b94fb9ac68817ca189cb2f6c783a5c6b03be192ac1c92a
  languageName: node
  linkType: hard

"@ethersproject/networks@npm:5.7.0, @ethersproject/networks@npm:^5.7.0":
  version: 5.7.0
  resolution: "@ethersproject/networks@npm:5.7.0"
  dependencies:
    "@ethersproject/logger": ^5.7.0
  checksum: 4f4d77e7c59e79cfcba616315a5d0e634a7653acbd11bb06a0028f4bd009b19f9a31556148a1e38f7308f55d1a1d170eb9f065290de9f9cf104b34e91cc348b8
  languageName: node
  linkType: hard

"@ethersproject/pbkdf2@npm:5.5.0, @ethersproject/pbkdf2@npm:^5.5.0":
  version: 5.5.0
  resolution: "@ethersproject/pbkdf2@npm:5.5.0"
  dependencies:
    "@ethersproject/bytes": ^5.5.0
    "@ethersproject/sha2": ^5.5.0
  checksum: 75bb235dc05a879006da4fd82cc407d541bcca3d0ca23348ac24362dc5981d57ffc5d9c61e417f3d51a6a0887565e77338a583c6acc135532f8721c46035cc84
  languageName: node
  linkType: hard

"@ethersproject/pbkdf2@npm:5.7.0, @ethersproject/pbkdf2@npm:^5.7.0":
  version: 5.7.0
  resolution: "@ethersproject/pbkdf2@npm:5.7.0"
  dependencies:
    "@ethersproject/bytes": ^5.7.0
    "@ethersproject/sha2": ^5.7.0
  checksum: b895adb9e35a8a127e794f7aadc31a2424ef355a70e51cde10d457e3e888bb8102373199a540cf61f2d6b9a32e47358f9c65b47d559f42bf8e596b5fd67901e9
  languageName: node
  linkType: hard

"@ethersproject/properties@npm:5.5.0, @ethersproject/properties@npm:^5.5.0":
  version: 5.5.0
  resolution: "@ethersproject/properties@npm:5.5.0"
  dependencies:
    "@ethersproject/logger": ^5.5.0
  checksum: 1e71a13291e87c3be5fc0fa5e96a1e6043fd6bc3c3507f2cdd21f76ce73a7c05a973d6f63934943227c806a6b4bdeb1a719a6a12b79529ab002a0c0bf509363d
  languageName: node
  linkType: hard

"@ethersproject/properties@npm:5.7.0, @ethersproject/properties@npm:^5.7.0":
  version: 5.7.0
  resolution: "@ethersproject/properties@npm:5.7.0"
  dependencies:
    "@ethersproject/logger": ^5.7.0
  checksum: 6ab0ccf0c3aadc9221e0cdc5306ce6cd0df7f89f77d77bccdd1277182c9ead0202cd7521329ba3acde130820bf8af299e17cf567d0d497c736ee918207bbf59f
  languageName: node
  linkType: hard

"@ethersproject/providers@npm:5.5.1":
  version: 5.5.1
  resolution: "@ethersproject/providers@npm:5.5.1"
  dependencies:
    "@ethersproject/abstract-provider": ^5.5.0
    "@ethersproject/abstract-signer": ^5.5.0
    "@ethersproject/address": ^5.5.0
    "@ethersproject/basex": ^5.5.0
    "@ethersproject/bignumber": ^5.5.0
    "@ethersproject/bytes": ^5.5.0
    "@ethersproject/constants": ^5.5.0
    "@ethersproject/hash": ^5.5.0
    "@ethersproject/logger": ^5.5.0
    "@ethersproject/networks": ^5.5.0
    "@ethersproject/properties": ^5.5.0
    "@ethersproject/random": ^5.5.0
    "@ethersproject/rlp": ^5.5.0
    "@ethersproject/sha2": ^5.5.0
    "@ethersproject/strings": ^5.5.0
    "@ethersproject/transactions": ^5.5.0
    "@ethersproject/web": ^5.5.0
    bech32: 1.1.4
    ws: 7.4.6
  checksum: c2cf3fbf63cef1733416771ccd404c6b53ac47a44470a13d19f250f247ce8e8d5c75b90982d265bb0261a62260054ae9b9ced8323b4e9d9834e2798b19d62f38
  languageName: node
  linkType: hard

"@ethersproject/providers@npm:5.7.0":
  version: 5.7.0
  resolution: "@ethersproject/providers@npm:5.7.0"
  dependencies:
    "@ethersproject/abstract-provider": ^5.7.0
    "@ethersproject/abstract-signer": ^5.7.0
    "@ethersproject/address": ^5.7.0
    "@ethersproject/base64": ^5.7.0
    "@ethersproject/basex": ^5.7.0
    "@ethersproject/bignumber": ^5.7.0
    "@ethersproject/bytes": ^5.7.0
    "@ethersproject/constants": ^5.7.0
    "@ethersproject/hash": ^5.7.0
    "@ethersproject/logger": ^5.7.0
    "@ethersproject/networks": ^5.7.0
    "@ethersproject/properties": ^5.7.0
    "@ethersproject/random": ^5.7.0
    "@ethersproject/rlp": ^5.7.0
    "@ethersproject/sha2": ^5.7.0
    "@ethersproject/strings": ^5.7.0
    "@ethersproject/transactions": ^5.7.0
    "@ethersproject/web": ^5.7.0
    bech32: 1.1.4
    ws: 7.4.6
  checksum: a6f80cea838424ceb367ff8e0f004f9fd6b43a87505da9d6aef33eb2bbc77cdb03ab51709ae83b7aa07d038fadf00634e08d8683fe6ae8b17b9351e3b30b26cb
  languageName: node
  linkType: hard

"@ethersproject/random@npm:5.5.0, @ethersproject/random@npm:^5.5.0":
  version: 5.5.0
  resolution: "@ethersproject/random@npm:5.5.0"
  dependencies:
    "@ethersproject/bytes": ^5.5.0
    "@ethersproject/logger": ^5.5.0
  checksum: 7acbe2a5d318fc4553d16e4f204d8cb430f453db2fa138d1e0c3397d9b01a537e512357764f81e984d0818fdbe10899bf35edb8bb204e999d9ff9fe1087e04fc
  languageName: node
  linkType: hard

"@ethersproject/random@npm:5.7.0, @ethersproject/random@npm:^5.7.0":
  version: 5.7.0
  resolution: "@ethersproject/random@npm:5.7.0"
  dependencies:
    "@ethersproject/bytes": ^5.7.0
    "@ethersproject/logger": ^5.7.0
  checksum: 017829c91cff6c76470852855108115b0b52c611b6be817ed1948d56ba42d6677803ec2012aa5ae298a7660024156a64c11fcf544e235e239ab3f89f0fff7345
  languageName: node
  linkType: hard

"@ethersproject/rlp@npm:5.5.0, @ethersproject/rlp@npm:^5.5.0":
  version: 5.5.0
  resolution: "@ethersproject/rlp@npm:5.5.0"
  dependencies:
    "@ethersproject/bytes": ^5.5.0
    "@ethersproject/logger": ^5.5.0
  checksum: 6ffb619b1a3d3ca5cb8cb52ee586bb16061a083d77751b98b3b822a7af170344034bcc819f78d1cb4f4ea80bd9a504cb6d55cdb1356b5a14af24bacfb74f837d
  languageName: node
  linkType: hard

"@ethersproject/rlp@npm:5.7.0, @ethersproject/rlp@npm:^5.7.0":
  version: 5.7.0
  resolution: "@ethersproject/rlp@npm:5.7.0"
  dependencies:
    "@ethersproject/bytes": ^5.7.0
    "@ethersproject/logger": ^5.7.0
  checksum: bce165b0f7e68e4d091c9d3cf47b247cac33252df77a095ca4281d32d5eeaaa3695d9bc06b2b057c5015353a68df89f13a4a54a72e888e4beeabbe56b15dda6e
  languageName: node
  linkType: hard

"@ethersproject/sha2@npm:5.5.0, @ethersproject/sha2@npm:^5.5.0":
  version: 5.5.0
  resolution: "@ethersproject/sha2@npm:5.5.0"
  dependencies:
    "@ethersproject/bytes": ^5.5.0
    "@ethersproject/logger": ^5.5.0
    hash.js: 1.1.7
  checksum: 31d8bc4d0b8a8948e1562de7a2e3bb98709672e66541c0c9ae76e1b93918ad04b4fbe89f9d39bc739627a6bd00978ab256099d1ae30f44ccda7bbd7bea3c5f40
  languageName: node
  linkType: hard

"@ethersproject/sha2@npm:5.7.0, @ethersproject/sha2@npm:^5.7.0":
  version: 5.7.0
  resolution: "@ethersproject/sha2@npm:5.7.0"
  dependencies:
    "@ethersproject/bytes": ^5.7.0
    "@ethersproject/logger": ^5.7.0
    hash.js: 1.1.7
  checksum: 09321057c022effbff4cc2d9b9558228690b5dd916329d75c4b1ffe32ba3d24b480a367a7cc92d0f0c0b1c896814d03351ae4630e2f1f7160be2bcfbde435dbc
  languageName: node
  linkType: hard

"@ethersproject/signing-key@npm:5.5.0, @ethersproject/signing-key@npm:^5.5.0":
  version: 5.5.0
  resolution: "@ethersproject/signing-key@npm:5.5.0"
  dependencies:
    "@ethersproject/bytes": ^5.5.0
    "@ethersproject/logger": ^5.5.0
    "@ethersproject/properties": ^5.5.0
    bn.js: ^4.11.9
    elliptic: 6.5.4
    hash.js: 1.1.7
  checksum: 28ba124eaff7fb69f256950957e9562781c060a7f998750cce003819bed25018cbc4cde052d93913bbfa419ce905b1c89a326dac90a96cf00a97924e163c116b
  languageName: node
  linkType: hard

"@ethersproject/signing-key@npm:5.7.0, @ethersproject/signing-key@npm:^5.7.0":
  version: 5.7.0
  resolution: "@ethersproject/signing-key@npm:5.7.0"
  dependencies:
    "@ethersproject/bytes": ^5.7.0
    "@ethersproject/logger": ^5.7.0
    "@ethersproject/properties": ^5.7.0
    bn.js: ^5.2.1
    elliptic: 6.5.4
    hash.js: 1.1.7
  checksum: 8f8de09b0aac709683bbb49339bc0a4cd2f95598f3546436c65d6f3c3a847ffa98e06d35e9ed2b17d8030bd2f02db9b7bd2e11c5cf8a71aad4537487ab4cf03a
  languageName: node
  linkType: hard

"@ethersproject/solidity@npm:5.5.0":
  version: 5.5.0
  resolution: "@ethersproject/solidity@npm:5.5.0"
  dependencies:
    "@ethersproject/bignumber": ^5.5.0
    "@ethersproject/bytes": ^5.5.0
    "@ethersproject/keccak256": ^5.5.0
    "@ethersproject/logger": ^5.5.0
    "@ethersproject/sha2": ^5.5.0
    "@ethersproject/strings": ^5.5.0
  checksum: f19a4ebe235a43fe3749420822e4b5e9f3b7b7a95e6c102cd46b9a589118660db099d9a9ef1770b4d15c3710b97bbebc74852a838644a47a769bc997460dbed7
  languageName: node
  linkType: hard

"@ethersproject/solidity@npm:5.7.0":
  version: 5.7.0
  resolution: "@ethersproject/solidity@npm:5.7.0"
  dependencies:
    "@ethersproject/bignumber": ^5.7.0
    "@ethersproject/bytes": ^5.7.0
    "@ethersproject/keccak256": ^5.7.0
    "@ethersproject/logger": ^5.7.0
    "@ethersproject/sha2": ^5.7.0
    "@ethersproject/strings": ^5.7.0
  checksum: 9a02f37f801c96068c3e7721f83719d060175bc4e80439fe060e92bd7acfcb6ac1330c7e71c49f4c2535ca1308f2acdcb01e00133129aac00581724c2d6293f3
  languageName: node
  linkType: hard

"@ethersproject/strings@npm:5.5.0, @ethersproject/strings@npm:^5.5.0":
  version: 5.5.0
  resolution: "@ethersproject/strings@npm:5.5.0"
  dependencies:
    "@ethersproject/bytes": ^5.5.0
    "@ethersproject/constants": ^5.5.0
    "@ethersproject/logger": ^5.5.0
  checksum: b17c0a3488b7a829317f6fb842af4f848f183083741846a3e05cd79fd8b76979e0211a060f03e9a528f79af7a4b077ac4421ed03194a73b738b2804969acd202
  languageName: node
  linkType: hard

"@ethersproject/strings@npm:5.7.0, @ethersproject/strings@npm:^5.7.0":
  version: 5.7.0
  resolution: "@ethersproject/strings@npm:5.7.0"
  dependencies:
    "@ethersproject/bytes": ^5.7.0
    "@ethersproject/constants": ^5.7.0
    "@ethersproject/logger": ^5.7.0
  checksum: 5ff78693ae3fdf3cf23e1f6dc047a61e44c8197d2408c42719fef8cb7b7b3613a4eec88ac0ed1f9f5558c74fe0de7ae3195a29ca91a239c74b9f444d8e8b50df
  languageName: node
  linkType: hard

"@ethersproject/transactions@npm:5.5.0, @ethersproject/transactions@npm:^5.5.0":
  version: 5.5.0
  resolution: "@ethersproject/transactions@npm:5.5.0"
  dependencies:
    "@ethersproject/address": ^5.5.0
    "@ethersproject/bignumber": ^5.5.0
    "@ethersproject/bytes": ^5.5.0
    "@ethersproject/constants": ^5.5.0
    "@ethersproject/keccak256": ^5.5.0
    "@ethersproject/logger": ^5.5.0
    "@ethersproject/properties": ^5.5.0
    "@ethersproject/rlp": ^5.5.0
    "@ethersproject/signing-key": ^5.5.0
  checksum: 2de8ddb08927cbdec73de588e0ee1a9eb8f28a7f580deccc8bf51501c371ceaab252cc3339bdca620d94541c1fd214f58d279b50e2c27abe206a892fe917cf55
  languageName: node
  linkType: hard

"@ethersproject/transactions@npm:5.7.0, @ethersproject/transactions@npm:^5.7.0":
  version: 5.7.0
  resolution: "@ethersproject/transactions@npm:5.7.0"
  dependencies:
    "@ethersproject/address": ^5.7.0
    "@ethersproject/bignumber": ^5.7.0
    "@ethersproject/bytes": ^5.7.0
    "@ethersproject/constants": ^5.7.0
    "@ethersproject/keccak256": ^5.7.0
    "@ethersproject/logger": ^5.7.0
    "@ethersproject/properties": ^5.7.0
    "@ethersproject/rlp": ^5.7.0
    "@ethersproject/signing-key": ^5.7.0
  checksum: a31b71996d2b283f68486241bff0d3ea3f1ba0e8f1322a8fffc239ccc4f4a7eb2ea9994b8fd2f093283fd75f87bae68171e01b6265261f821369aca319884a79
  languageName: node
  linkType: hard

"@ethersproject/units@npm:5.5.0":
  version: 5.5.0
  resolution: "@ethersproject/units@npm:5.5.0"
  dependencies:
    "@ethersproject/bignumber": ^5.5.0
    "@ethersproject/constants": ^5.5.0
    "@ethersproject/logger": ^5.5.0
  checksum: 7d5a841eb00ec693073dd3f020e1a3207cf917f37af30aaf1b5b3db03ecb2347f84733ea0d820a14cafd12922e8f7137bcf1b0d6309b7520a4a8db7c9e9de7a0
  languageName: node
  linkType: hard

"@ethersproject/units@npm:5.7.0":
  version: 5.7.0
  resolution: "@ethersproject/units@npm:5.7.0"
  dependencies:
    "@ethersproject/bignumber": ^5.7.0
    "@ethersproject/constants": ^5.7.0
    "@ethersproject/logger": ^5.7.0
  checksum: 304714f848cd32e57df31bf545f7ad35c2a72adae957198b28cbc62166daa929322a07bff6e9c9ac4577ab6aa0de0546b065ed1b2d20b19e25748b7d475cb0fc
  languageName: node
  linkType: hard

"@ethersproject/wallet@npm:5.5.0":
  version: 5.5.0
  resolution: "@ethersproject/wallet@npm:5.5.0"
  dependencies:
    "@ethersproject/abstract-provider": ^5.5.0
    "@ethersproject/abstract-signer": ^5.5.0
    "@ethersproject/address": ^5.5.0
    "@ethersproject/bignumber": ^5.5.0
    "@ethersproject/bytes": ^5.5.0
    "@ethersproject/hash": ^5.5.0
    "@ethersproject/hdnode": ^5.5.0
    "@ethersproject/json-wallets": ^5.5.0
    "@ethersproject/keccak256": ^5.5.0
    "@ethersproject/logger": ^5.5.0
    "@ethersproject/properties": ^5.5.0
    "@ethersproject/random": ^5.5.0
    "@ethersproject/signing-key": ^5.5.0
    "@ethersproject/transactions": ^5.5.0
    "@ethersproject/wordlists": ^5.5.0
  checksum: f7d38eb1cbd2eccaebf21a6104105bac133a80c37c9658d79a41f83d2b9166b09369ce0f5f2a5a1f9e317dfcb0d9d608e358bf53b85f34a7a3c8cf55b307f455
  languageName: node
  linkType: hard

"@ethersproject/wallet@npm:5.7.0":
  version: 5.7.0
  resolution: "@ethersproject/wallet@npm:5.7.0"
  dependencies:
    "@ethersproject/abstract-provider": ^5.7.0
    "@ethersproject/abstract-signer": ^5.7.0
    "@ethersproject/address": ^5.7.0
    "@ethersproject/bignumber": ^5.7.0
    "@ethersproject/bytes": ^5.7.0
    "@ethersproject/hash": ^5.7.0
    "@ethersproject/hdnode": ^5.7.0
    "@ethersproject/json-wallets": ^5.7.0
    "@ethersproject/keccak256": ^5.7.0
    "@ethersproject/logger": ^5.7.0
    "@ethersproject/properties": ^5.7.0
    "@ethersproject/random": ^5.7.0
    "@ethersproject/signing-key": ^5.7.0
    "@ethersproject/transactions": ^5.7.0
    "@ethersproject/wordlists": ^5.7.0
  checksum: a4009bf7331eddab38e3015b5e9101ef92de7f705b00a6196b997db0e5635b6d83561674d46c90c6f77b87c0500fe4a6b0183ba13749efc22db59c99deb82fbd
  languageName: node
  linkType: hard

"@ethersproject/web@npm:5.5.1, @ethersproject/web@npm:^5.5.0":
  version: 5.5.1
  resolution: "@ethersproject/web@npm:5.5.1"
  dependencies:
    "@ethersproject/base64": ^5.5.0
    "@ethersproject/bytes": ^5.5.0
    "@ethersproject/logger": ^5.5.0
    "@ethersproject/properties": ^5.5.0
    "@ethersproject/strings": ^5.5.0
  checksum: 4718efd7e78f69ccd069309d7d46de562a988ab3e01089e047259b714bbf958d917e86c57c1a6ec99724c4dfd0338bb6b3dc990597a1326f7199039e450bc73c
  languageName: node
  linkType: hard

"@ethersproject/web@npm:5.7.0, @ethersproject/web@npm:^5.7.0":
  version: 5.7.0
  resolution: "@ethersproject/web@npm:5.7.0"
  dependencies:
    "@ethersproject/base64": ^5.7.0
    "@ethersproject/bytes": ^5.7.0
    "@ethersproject/logger": ^5.7.0
    "@ethersproject/properties": ^5.7.0
    "@ethersproject/strings": ^5.7.0
  checksum: 9d4ca82f8b1295bbc1c59d58cb351641802d2f70f4b7d523fc726f51b0615296da6d6585dee5749b4d5e4a6a9af6d6650d46fe562d5b04f43a0af5c7f7f4a77e
  languageName: node
  linkType: hard

"@ethersproject/wordlists@npm:5.5.0, @ethersproject/wordlists@npm:^5.5.0":
  version: 5.5.0
  resolution: "@ethersproject/wordlists@npm:5.5.0"
  dependencies:
    "@ethersproject/bytes": ^5.5.0
    "@ethersproject/hash": ^5.5.0
    "@ethersproject/logger": ^5.5.0
    "@ethersproject/properties": ^5.5.0
    "@ethersproject/strings": ^5.5.0
  checksum: 3eb0b1027dcca11bfb3662822271732581975edfe3e22e16d2dead9aa998093a905c926aa0aaefeb6ea9188bd9ee6f6286edfd6ec246ff974c05bf43b4551141
  languageName: node
  linkType: hard

"@ethersproject/wordlists@npm:5.7.0, @ethersproject/wordlists@npm:^5.7.0":
  version: 5.7.0
  resolution: "@ethersproject/wordlists@npm:5.7.0"
  dependencies:
    "@ethersproject/bytes": ^5.7.0
    "@ethersproject/hash": ^5.7.0
    "@ethersproject/logger": ^5.7.0
    "@ethersproject/properties": ^5.7.0
    "@ethersproject/strings": ^5.7.0
  checksum: 30eb6eb0731f9ef5faa44bf9c0c6e950bcaaef61e4d2d9ce0ae6d341f4e2d6d1f4ab4f8880bfce03b7aac4b862fb740e1421170cfbf8e2aafc359277d49e6e97
  languageName: node
  linkType: hard

"@trustlessfi/multicall@workspace:.":
  version: 0.0.0-use.local
  resolution: "@trustlessfi/multicall@workspace:."
  dependencies:
    "@trustlessfi/utils": ^0.2.9
    ethers: ^5.7.0
    typescript: ^4.8.2
  languageName: unknown
  linkType: soft

"@trustlessfi/utils@npm:^0.2.9":
  version: 0.2.9
  resolution: "@trustlessfi/utils@npm:0.2.9"
  dependencies:
    ethers: ^5.4.7
  checksum: 1e1fd6408b28c41d9d29f826e2418307f6d08a47380a77a1bc61554893115fb427e7759c47d5921dbcfccab9ed2c646a59c0028ff85ea5052230d1e4f9f2e44c
  languageName: node
  linkType: hard

"aes-js@npm:3.0.0":
  version: 3.0.0
  resolution: "aes-js@npm:3.0.0"
  checksum: 251e26d533cd1a915b44896b17d5ed68c24a02484cfdd2e74ec700a309267db96651ea4eb657bf20aac32a3baa61f6e34edf8e2fec2de440a655da9942d334b8
  languageName: node
  linkType: hard

"bech32@npm:1.1.4":
  version: 1.1.4
  resolution: "bech32@npm:1.1.4"
  checksum: 0e98db619191548390d6f09ff68b0253ba7ae6a55db93dfdbb070ba234c1fd3308c0606fbcc95fad50437227b10011e2698b89f0181f6e7f845c499bd14d0f4b
  languageName: node
  linkType: hard

"bn.js@npm:^4.11.9":
  version: 4.12.0
  resolution: "bn.js@npm:4.12.0"
  checksum: 39afb4f15f4ea537b55eaf1446c896af28ac948fdcf47171961475724d1bb65118cca49fa6e3d67706e4790955ec0e74de584e45c8f1ef89f46c812bee5b5a12
  languageName: node
  linkType: hard

"bn.js@npm:^5.2.1":
  version: 5.2.1
  resolution: "bn.js@npm:5.2.1"
  checksum: 3dd8c8d38055fedfa95c1d5fc3c99f8dd547b36287b37768db0abab3c239711f88ff58d18d155dd8ad902b0b0cee973747b7ae20ea12a09473272b0201c9edd3
  languageName: node
  linkType: hard

"brorand@npm:^1.1.0":
  version: 1.1.0
  resolution: "brorand@npm:1.1.0"
  checksum: 8a05c9f3c4b46572dec6ef71012b1946db6cae8c7bb60ccd4b7dd5a84655db49fe043ecc6272e7ef1f69dc53d6730b9e2a3a03a8310509a3d797a618cbee52be
  languageName: node
  linkType: hard

"elliptic@npm:6.5.4":
  version: 6.5.4
  resolution: "elliptic@npm:6.5.4"
  dependencies:
    bn.js: ^4.11.9
    brorand: ^1.1.0
    hash.js: ^1.0.0
    hmac-drbg: ^1.0.1
    inherits: ^2.0.4
    minimalistic-assert: ^1.0.1
    minimalistic-crypto-utils: ^1.0.1
  checksum: d56d21fd04e97869f7ffcc92e18903b9f67f2d4637a23c860492fbbff5a3155fd9ca0184ce0c865dd6eb2487d234ce9551335c021c376cd2d3b7cb749c7d10f4
  languageName: node
  linkType: hard

"ethers@npm:^5.4.7":
  version: 5.5.2
  resolution: "ethers@npm:5.5.2"
  dependencies:
    "@ethersproject/abi": 5.5.0
    "@ethersproject/abstract-provider": 5.5.1
    "@ethersproject/abstract-signer": 5.5.0
    "@ethersproject/address": 5.5.0
    "@ethersproject/base64": 5.5.0
    "@ethersproject/basex": 5.5.0
    "@ethersproject/bignumber": 5.5.0
    "@ethersproject/bytes": 5.5.0
    "@ethersproject/constants": 5.5.0
    "@ethersproject/contracts": 5.5.0
    "@ethersproject/hash": 5.5.0
    "@ethersproject/hdnode": 5.5.0
    "@ethersproject/json-wallets": 5.5.0
    "@ethersproject/keccak256": 5.5.0
    "@ethersproject/logger": 5.5.0
    "@ethersproject/networks": 5.5.1
    "@ethersproject/pbkdf2": 5.5.0
    "@ethersproject/properties": 5.5.0
    "@ethersproject/providers": 5.5.1
    "@ethersproject/random": 5.5.0
    "@ethersproject/rlp": 5.5.0
    "@ethersproject/sha2": 5.5.0
    "@ethersproject/signing-key": 5.5.0
    "@ethersproject/solidity": 5.5.0
    "@ethersproject/strings": 5.5.0
    "@ethersproject/transactions": 5.5.0
    "@ethersproject/units": 5.5.0
    "@ethersproject/wallet": 5.5.0
    "@ethersproject/web": 5.5.1
    "@ethersproject/wordlists": 5.5.0
  checksum: 5a1200b4db4dc4179c66488612864c18e42000ec18997ba5ea6c21c3c6a5e65de7ebea41926d15dbb195f9f49eb3b00335195be38b78a3468e47d2e9868b6645
  languageName: node
  linkType: hard

"ethers@npm:^5.7.0":
  version: 5.7.0
  resolution: "ethers@npm:5.7.0"
  dependencies:
    "@ethersproject/abi": 5.7.0
    "@ethersproject/abstract-provider": 5.7.0
    "@ethersproject/abstract-signer": 5.7.0
    "@ethersproject/address": 5.7.0
    "@ethersproject/base64": 5.7.0
    "@ethersproject/basex": 5.7.0
    "@ethersproject/bignumber": 5.7.0
    "@ethersproject/bytes": 5.7.0
    "@ethersproject/constants": 5.7.0
    "@ethersproject/contracts": 5.7.0
    "@ethersproject/hash": 5.7.0
    "@ethersproject/hdnode": 5.7.0
    "@ethersproject/json-wallets": 5.7.0
    "@ethersproject/keccak256": 5.7.0
    "@ethersproject/logger": 5.7.0
    "@ethersproject/networks": 5.7.0
    "@ethersproject/pbkdf2": 5.7.0
    "@ethersproject/properties": 5.7.0
    "@ethersproject/providers": 5.7.0
    "@ethersproject/random": 5.7.0
    "@ethersproject/rlp": 5.7.0
    "@ethersproject/sha2": 5.7.0
    "@ethersproject/signing-key": 5.7.0
    "@ethersproject/solidity": 5.7.0
    "@ethersproject/strings": 5.7.0
    "@ethersproject/transactions": 5.7.0
    "@ethersproject/units": 5.7.0
    "@ethersproject/wallet": 5.7.0
    "@ethersproject/web": 5.7.0
    "@ethersproject/wordlists": 5.7.0
  checksum: 03b16c194e035a25c0c522b81f5bb9d2157f9389db3227066ff3bbf0bd348218a25b576a5293078b61885bd2be6871e1da8232cf5351ce72de1189c89e4d05c7
  languageName: node
  linkType: hard

"hash.js@npm:1.1.7, hash.js@npm:^1.0.0, hash.js@npm:^1.0.3":
  version: 1.1.7
  resolution: "hash.js@npm:1.1.7"
  dependencies:
    inherits: ^2.0.3
    minimalistic-assert: ^1.0.1
  checksum: e350096e659c62422b85fa508e4b3669017311aa4c49b74f19f8e1bc7f3a54a584fdfd45326d4964d6011f2b2d882e38bea775a96046f2a61b7779a979629d8f
  languageName: node
  linkType: hard

"hmac-drbg@npm:^1.0.1":
  version: 1.0.1
  resolution: "hmac-drbg@npm:1.0.1"
  dependencies:
    hash.js: ^1.0.3
    minimalistic-assert: ^1.0.0
    minimalistic-crypto-utils: ^1.0.1
  checksum: bd30b6a68d7f22d63f10e1888aee497d7c2c5c0bb469e66bbdac99f143904d1dfe95f8131f95b3e86c86dd239963c9d972fcbe147e7cffa00e55d18585c43fe0
  languageName: node
  linkType: hard

"inherits@npm:^2.0.3, inherits@npm:^2.0.4":
  version: 2.0.4
  resolution: "inherits@npm:2.0.4"
  checksum: 4a48a733847879d6cf6691860a6b1e3f0f4754176e4d71494c41f3475553768b10f84b5ce1d40fbd0e34e6bfbb864ee35858ad4dd2cf31e02fc4a154b724d7f1
  languageName: node
  linkType: hard

"js-sha3@npm:0.8.0":
  version: 0.8.0
  resolution: "js-sha3@npm:0.8.0"
  checksum: 75df77c1fc266973f06cce8309ce010e9e9f07ec35ab12022ed29b7f0d9c8757f5a73e1b35aa24840dced0dea7059085aa143d817aea9e188e2a80d569d9adce
  languageName: node
  linkType: hard

"minimalistic-assert@npm:^1.0.0, minimalistic-assert@npm:^1.0.1":
  version: 1.0.1
  resolution: "minimalistic-assert@npm:1.0.1"
  checksum: cc7974a9268fbf130fb055aff76700d7e2d8be5f761fb5c60318d0ed010d839ab3661a533ad29a5d37653133385204c503bfac995aaa4236f4e847461ea32ba7
  languageName: node
  linkType: hard

"minimalistic-crypto-utils@npm:^1.0.1":
  version: 1.0.1
  resolution: "minimalistic-crypto-utils@npm:1.0.1"
  checksum: 6e8a0422b30039406efd4c440829ea8f988845db02a3299f372fceba56ffa94994a9c0f2fd70c17f9969eedfbd72f34b5070ead9656a34d3f71c0bd72583a0ed
  languageName: node
  linkType: hard

"scrypt-js@npm:3.0.1":
  version: 3.0.1
  resolution: "scrypt-js@npm:3.0.1"
  checksum: b7c7d1a68d6ca946f2fbb0778e0c4ec63c65501b54023b2af7d7e9f48fdb6c6580d6f7675cd53bda5944c5ebc057560d5a6365079752546865defb3b79dea454
  languageName: node
  linkType: hard

"typescript@npm:^4.8.2":
  version: 4.8.2
  resolution: "typescript@npm:4.8.2"
  bin:
    tsc: bin/tsc
    tsserver: bin/tsserver
  checksum: 7f5b81d0d558c9067f952c7af52ab7f19c2e70a916817929e4a5b256c93990bf3178eccb1ac8a850bc75df35f6781b6f4cb3370ce20d8b1ded92ed462348f628
  languageName: node
  linkType: hard

"typescript@patch:typescript@^4.8.2#~builtin<compat/typescript>":
  version: 4.8.2
  resolution: "typescript@patch:typescript@npm%3A4.8.2#~builtin<compat/typescript>::version=4.8.2&hash=7ad353"
  bin:
    tsc: bin/tsc
    tsserver: bin/tsserver
  checksum: 6f49363af8af2fe480da1d5fa68712644438785208b06690a3cbe5e7365fd652c3a0f1e587bc8684d78fb69de3dde4de185c0bad7bb4f3664ddfc813ce8caad6
  languageName: node
  linkType: hard

"ws@npm:7.4.6":
  version: 7.4.6
  resolution: "ws@npm:7.4.6"
  peerDependencies:
    bufferutil: ^4.0.1
    utf-8-validate: ^5.0.2
  peerDependenciesMeta:
    bufferutil:
      optional: true
    utf-8-validate:
      optional: true
  checksum: 3a990b32ed08c72070d5e8913e14dfcd831919205be52a3ff0b4cdd998c8d554f167c9df3841605cde8b11d607768cacab3e823c58c96a5c08c987e093eb767a
  languageName: node
  linkType: hard
