# This file is generated by running "yarn install" inside your project.
# Manual changes might be lost - proceed with caution!

__metadata:
  version: 5
  cacheKey: 8

"@ethersproject/abi@npm:5.5.0, @ethersproject/abi@npm:^5.5.0":
  version: 5.5.0
  resolution: "@ethersproject/abi@npm:5.5.0"
  dependencies:
    "@ethersproject/address": ^5.5.0
    "@ethersproject/bignumber": ^5.5.0
    "@ethersproject/bytes": ^5.5.0
    "@ethersproject/constants": ^5.5.0
    "@ethersproject/hash": ^5.5.0
    "@ethersproject/keccak256": ^5.5.0
    "@ethersproject/logger": ^5.5.0
    "@ethersproject/properties": ^5.5.0
    "@ethersproject/strings": ^5.5.0
  checksum: cb539220c64cb5a095cfd75a7e5a5c101759644af566dbf1b2a028a9609643d1eaa8fcff720adfb7f2b5527864be787be90d4df4f2c0c385a84b3215522bb61b
  languageName: node
  linkType: hard

"@ethersproject/abi@npm:5.6.0, @ethersproject/abi@npm:^5.6.0":
  version: 5.6.0
  resolution: "@ethersproject/abi@npm:5.6.0"
  dependencies:
    "@ethersproject/address": ^5.6.0
    "@ethersproject/bignumber": ^5.6.0
    "@ethersproject/bytes": ^5.6.0
    "@ethersproject/constants": ^5.6.0
    "@ethersproject/hash": ^5.6.0
    "@ethersproject/keccak256": ^5.6.0
    "@ethersproject/logger": ^5.6.0
    "@ethersproject/properties": ^5.6.0
    "@ethersproject/strings": ^5.6.0
  checksum: d0cf0450d21ff5beff5593ac4b1749eb64d67fdd7d0e2d489ab1996218ec7242b9dadcd7a9896687e84784c83bf3e39cba6e77b3e813165d6b400e584a96f2fc
  languageName: node
  linkType: hard

"@ethersproject/abstract-provider@npm:5.5.1, @ethersproject/abstract-provider@npm:^5.5.0":
  version: 5.5.1
  resolution: "@ethersproject/abstract-provider@npm:5.5.1"
  dependencies:
    "@ethersproject/bignumber": ^5.5.0
    "@ethersproject/bytes": ^5.5.0
    "@ethersproject/logger": ^5.5.0
    "@ethersproject/networks": ^5.5.0
    "@ethersproject/properties": ^5.5.0
    "@ethersproject/transactions": ^5.5.0
    "@ethersproject/web": ^5.5.0
  checksum: 73ee68b2320cd436b57a67051606b6d062ddebed6fd4c52b30c02134b81e43aca9bb1815c0956f3c8f519ddbaf9710f349021d1f054f11a88361e0c3f1a9b9f2
  languageName: node
  linkType: hard

"@ethersproject/abstract-provider@npm:5.6.0, @ethersproject/abstract-provider@npm:^5.6.0":
  version: 5.6.0
  resolution: "@ethersproject/abstract-provider@npm:5.6.0"
  dependencies:
    "@ethersproject/bignumber": ^5.6.0
    "@ethersproject/bytes": ^5.6.0
    "@ethersproject/logger": ^5.6.0
    "@ethersproject/networks": ^5.6.0
    "@ethersproject/properties": ^5.6.0
    "@ethersproject/transactions": ^5.6.0
    "@ethersproject/web": ^5.6.0
  checksum: 42ec4148217f7643f667f46235266100a1b31b8e87b6d540b6e8667703f56f633d25ec2e5d9b0f95556de0d0620189488e9d77dafc058c61e45872fef620ac5a
  languageName: node
  linkType: hard

"@ethersproject/abstract-signer@npm:5.5.0, @ethersproject/abstract-signer@npm:^5.5.0":
  version: 5.5.0
  resolution: "@ethersproject/abstract-signer@npm:5.5.0"
  dependencies:
    "@ethersproject/abstract-provider": ^5.5.0
    "@ethersproject/bignumber": ^5.5.0
    "@ethersproject/bytes": ^5.5.0
    "@ethersproject/logger": ^5.5.0
    "@ethersproject/properties": ^5.5.0
  checksum: d0de55b8b49b43de9976cc2fd73deff33700cea088e50ae46aa71cc0962d5f770f782be584541230253ecc125e238e2123abf11f692d7b019a1e43e6526b2197
  languageName: node
  linkType: hard

"@ethersproject/abstract-signer@npm:5.6.0, @ethersproject/abstract-signer@npm:^5.6.0":
  version: 5.6.0
  resolution: "@ethersproject/abstract-signer@npm:5.6.0"
  dependencies:
    "@ethersproject/abstract-provider": ^5.6.0
    "@ethersproject/bignumber": ^5.6.0
    "@ethersproject/bytes": ^5.6.0
    "@ethersproject/logger": ^5.6.0
    "@ethersproject/properties": ^5.6.0
  checksum: 91722f3ad449da1a26898132b53e0130deac19ab8dbef55c5fd3c6d2b9ddb0428f539021c9b7085f3fc5e8615bdf1fddcbe4f6c5365f6b6cfd5d3952816d27b7
  languageName: node
  linkType: hard

"@ethersproject/address@npm:5.5.0, @ethersproject/address@npm:^5.5.0":
  version: 5.5.0
  resolution: "@ethersproject/address@npm:5.5.0"
  dependencies:
    "@ethersproject/bignumber": ^5.5.0
    "@ethersproject/bytes": ^5.5.0
    "@ethersproject/keccak256": ^5.5.0
    "@ethersproject/logger": ^5.5.0
    "@ethersproject/rlp": ^5.5.0
  checksum: fa4d2b7ad67d1f1bffc017ccf99274fc455d0afae25ab718c822aa4472fbbf544d1a7bf87c1e75b1f97f9018564a02fd05332dd6daab48dd1efc00b6fe12d45e
  languageName: node
  linkType: hard

"@ethersproject/address@npm:5.6.0, @ethersproject/address@npm:^5.6.0":
  version: 5.6.0
  resolution: "@ethersproject/address@npm:5.6.0"
  dependencies:
    "@ethersproject/bignumber": ^5.6.0
    "@ethersproject/bytes": ^5.6.0
    "@ethersproject/keccak256": ^5.6.0
    "@ethersproject/logger": ^5.6.0
    "@ethersproject/rlp": ^5.6.0
  checksum: 504cddd422ec9890eda61da0421991ace7c5cd9f365cbc9761305013621915dc5ff5247f4b04699b7060fc272a7a8c9dc88f993bc6fa6e0f6e9e4fa30d6f3c0f
  languageName: node
  linkType: hard

"@ethersproject/base64@npm:5.5.0, @ethersproject/base64@npm:^5.5.0":
  version: 5.5.0
  resolution: "@ethersproject/base64@npm:5.5.0"
  dependencies:
    "@ethersproject/bytes": ^5.5.0
  checksum: 2d0904093b8e552e201c1b0f1f28ba1b0c950ee4969d626f795241349e4d50cdefd4accf66da50c31a82d625c9b52d839411fb2ed731ede3f8c8dbe8bfee61b9
  languageName: node
  linkType: hard

"@ethersproject/base64@npm:5.6.0, @ethersproject/base64@npm:^5.6.0":
  version: 5.6.0
  resolution: "@ethersproject/base64@npm:5.6.0"
  dependencies:
    "@ethersproject/bytes": ^5.6.0
  checksum: 5f316367acf18fdba82d50868171251f75218740a1c9bad8b11c6c3372c86ae323f91bc6727e78e527866357974d19fcced12f666fb067ffba2be638d54d36f7
  languageName: node
  linkType: hard

"@ethersproject/basex@npm:5.5.0, @ethersproject/basex@npm:^5.5.0":
  version: 5.5.0
  resolution: "@ethersproject/basex@npm:5.5.0"
  dependencies:
    "@ethersproject/bytes": ^5.5.0
    "@ethersproject/properties": ^5.5.0
  checksum: b1497ae825a72cfb654010595b83a12d74a9ec360a6ad43e57bc02ac865237553abbf4d2dd06bd3447e7c225c4f73b77c8b3f048ce2d26655bc41ec39220f75f
  languageName: node
  linkType: hard

"@ethersproject/basex@npm:5.6.0, @ethersproject/basex@npm:^5.6.0":
  version: 5.6.0
  resolution: "@ethersproject/basex@npm:5.6.0"
  dependencies:
    "@ethersproject/bytes": ^5.6.0
    "@ethersproject/properties": ^5.6.0
  checksum: 144bb1d500ffd111045aee376ee86cacba6bc0b4169941f5532c3598aaa7590db0679793f4a6572585fae91a5e2200e0b8c782b155855138654aa6917527c975
  languageName: node
  linkType: hard

"@ethersproject/bignumber@npm:5.5.0, @ethersproject/bignumber@npm:^5.5.0":
  version: 5.5.0
  resolution: "@ethersproject/bignumber@npm:5.5.0"
  dependencies:
    "@ethersproject/bytes": ^5.5.0
    "@ethersproject/logger": ^5.5.0
    bn.js: ^4.11.9
  checksum: b18aa583130a9f66d13a998e13f06d6bbd039ae222208c92b7e3836831678b67d8deb07754c221f0102ad7418929f97a5e54fe37400215cbfc012dda2ca0fcff
  languageName: node
  linkType: hard

"@ethersproject/bignumber@npm:5.6.0, @ethersproject/bignumber@npm:^5.6.0":
  version: 5.6.0
  resolution: "@ethersproject/bignumber@npm:5.6.0"
  dependencies:
    "@ethersproject/bytes": ^5.6.0
    "@ethersproject/logger": ^5.6.0
    bn.js: ^4.11.9
  checksum: cb1e0d712a1d991d7c74c66d34522413a2fd832e10bc15158b24e07f61e80a221689947936790334137c11c582f3f4d184d3ccf3036e09e4df1b2026923962b4
  languageName: node
  linkType: hard

"@ethersproject/bytes@npm:5.5.0, @ethersproject/bytes@npm:^5.5.0":
  version: 5.5.0
  resolution: "@ethersproject/bytes@npm:5.5.0"
  dependencies:
    "@ethersproject/logger": ^5.5.0
  checksum: ca55e208ccf4bf5d9a7a1fd9e39035c328a3e5b549657ef58530def787ed750d74d91eeb2ed7cd4bfdb8b1a2a319d6e48abb1d7b3b48a1f59a5ab33adbbc8176
  languageName: node
  linkType: hard

"@ethersproject/bytes@npm:5.6.1, @ethersproject/bytes@npm:^5.6.0":
  version: 5.6.1
  resolution: "@ethersproject/bytes@npm:5.6.1"
  dependencies:
    "@ethersproject/logger": ^5.6.0
  checksum: d06ffe3bf12aa8a6588d99b82e40b46a2cbb8b057fc650aad836e3e8c95d4559773254eeeb8fed652066dcf8082e527e37cd2b9fff7ac8cabc4de7c49459a7eb
  languageName: node
  linkType: hard

"@ethersproject/constants@npm:5.5.0, @ethersproject/constants@npm:^5.5.0":
  version: 5.5.0
  resolution: "@ethersproject/constants@npm:5.5.0"
  dependencies:
    "@ethersproject/bignumber": ^5.5.0
  checksum: 20519ec5abcbff6d2a7f1260f58b33e1c472abdfb2ee3d5428d08091484fed572f8f873b1cb0410f9248f92512016bbf680324f9f2a537b5f65413a6a1359fd3
  languageName: node
  linkType: hard

"@ethersproject/constants@npm:5.6.0, @ethersproject/constants@npm:^5.6.0":
  version: 5.6.0
  resolution: "@ethersproject/constants@npm:5.6.0"
  dependencies:
    "@ethersproject/bignumber": ^5.6.0
  checksum: da54458a0133b64c02052b86fefa6118ed88c449b02a61ba57745bf08029658214291935b0500461bde3f734ea98e6d8edc586eed9ce9fa7e6a16d9397716ff7
  languageName: node
  linkType: hard

"@ethersproject/contracts@npm:5.5.0":
  version: 5.5.0
  resolution: "@ethersproject/contracts@npm:5.5.0"
  dependencies:
    "@ethersproject/abi": ^5.5.0
    "@ethersproject/abstract-provider": ^5.5.0
    "@ethersproject/abstract-signer": ^5.5.0
    "@ethersproject/address": ^5.5.0
    "@ethersproject/bignumber": ^5.5.0
    "@ethersproject/bytes": ^5.5.0
    "@ethersproject/constants": ^5.5.0
    "@ethersproject/logger": ^5.5.0
    "@ethersproject/properties": ^5.5.0
    "@ethersproject/transactions": ^5.5.0
  checksum: 53b00ebf657357e0d61ba8c61a47a391cec362ff334bb2eef134a4def16080bf681f592e2ee6594161a713c55b45d20aaf295bf205c6d97e1289df4f9ebb0d90
  languageName: node
  linkType: hard

"@ethersproject/contracts@npm:5.6.0":
  version: 5.6.0
  resolution: "@ethersproject/contracts@npm:5.6.0"
  dependencies:
    "@ethersproject/abi": ^5.6.0
    "@ethersproject/abstract-provider": ^5.6.0
    "@ethersproject/abstract-signer": ^5.6.0
    "@ethersproject/address": ^5.6.0
    "@ethersproject/bignumber": ^5.6.0
    "@ethersproject/bytes": ^5.6.0
    "@ethersproject/constants": ^5.6.0
    "@ethersproject/logger": ^5.6.0
    "@ethersproject/properties": ^5.6.0
    "@ethersproject/transactions": ^5.6.0
  checksum: 9b149da295f0c063252185b94a907bbb3af2faac5a464947bca383a620b9cf8a4faa0e742c16d37a89d262547c645609ab91fbf87266a9e50ad4c17e65569e0d
  languageName: node
  linkType: hard

"@ethersproject/hash@npm:5.5.0, @ethersproject/hash@npm:^5.5.0":
  version: 5.5.0
  resolution: "@ethersproject/hash@npm:5.5.0"
  dependencies:
    "@ethersproject/abstract-signer": ^5.5.0
    "@ethersproject/address": ^5.5.0
    "@ethersproject/bignumber": ^5.5.0
    "@ethersproject/bytes": ^5.5.0
    "@ethersproject/keccak256": ^5.5.0
    "@ethersproject/logger": ^5.5.0
    "@ethersproject/properties": ^5.5.0
    "@ethersproject/strings": ^5.5.0
  checksum: 38e8801553a45eeabb4aa72f5a6eeb9dd7a9c5bb44b1691b6630ca2e991e0319871d7d17ffbcdfdca921f9e8240ee915de548bce1527738b6dc76231cbb52044
  languageName: node
  linkType: hard

"@ethersproject/hash@npm:5.6.0, @ethersproject/hash@npm:^5.6.0":
  version: 5.6.0
  resolution: "@ethersproject/hash@npm:5.6.0"
  dependencies:
    "@ethersproject/abstract-signer": ^5.6.0
    "@ethersproject/address": ^5.6.0
    "@ethersproject/bignumber": ^5.6.0
    "@ethersproject/bytes": ^5.6.0
    "@ethersproject/keccak256": ^5.6.0
    "@ethersproject/logger": ^5.6.0
    "@ethersproject/properties": ^5.6.0
    "@ethersproject/strings": ^5.6.0
  checksum: 7a3b9180963765fff1a307adeb2138219d1585fc979ee2d14888739102ae2b223759cf456a88da554b4043475ec459d3a8dd67a844e39a896f0584c5a9556a06
  languageName: node
  linkType: hard

"@ethersproject/hdnode@npm:5.5.0, @ethersproject/hdnode@npm:^5.5.0":
  version: 5.5.0
  resolution: "@ethersproject/hdnode@npm:5.5.0"
  dependencies:
    "@ethersproject/abstract-signer": ^5.5.0
    "@ethersproject/basex": ^5.5.0
    "@ethersproject/bignumber": ^5.5.0
    "@ethersproject/bytes": ^5.5.0
    "@ethersproject/logger": ^5.5.0
    "@ethersproject/pbkdf2": ^5.5.0
    "@ethersproject/properties": ^5.5.0
    "@ethersproject/sha2": ^5.5.0
    "@ethersproject/signing-key": ^5.5.0
    "@ethersproject/strings": ^5.5.0
    "@ethersproject/transactions": ^5.5.0
    "@ethersproject/wordlists": ^5.5.0
  checksum: 18c12807a837b6440a2bdbfe6010b7b341211ae103d011c299377dfab83ce8991bf4e85a7a214446b48178ff3c748bc167384836b3c639878666fb63f548fad6
  languageName: node
  linkType: hard

"@ethersproject/hdnode@npm:5.6.0, @ethersproject/hdnode@npm:^5.6.0":
  version: 5.6.0
  resolution: "@ethersproject/hdnode@npm:5.6.0"
  dependencies:
    "@ethersproject/abstract-signer": ^5.6.0
    "@ethersproject/basex": ^5.6.0
    "@ethersproject/bignumber": ^5.6.0
    "@ethersproject/bytes": ^5.6.0
    "@ethersproject/logger": ^5.6.0
    "@ethersproject/pbkdf2": ^5.6.0
    "@ethersproject/properties": ^5.6.0
    "@ethersproject/sha2": ^5.6.0
    "@ethersproject/signing-key": ^5.6.0
    "@ethersproject/strings": ^5.6.0
    "@ethersproject/transactions": ^5.6.0
    "@ethersproject/wordlists": ^5.6.0
  checksum: 399919d8d43ed18e2ebfa7b9c1fab469d817d2146187b4a12eaa76508b8ec95ec80d1d64048831b7cbd7f7163b35fb13f8c26a1fe078319f7365d74e23c1c117
  languageName: node
  linkType: hard

"@ethersproject/json-wallets@npm:5.5.0, @ethersproject/json-wallets@npm:^5.5.0":
  version: 5.5.0
  resolution: "@ethersproject/json-wallets@npm:5.5.0"
  dependencies:
    "@ethersproject/abstract-signer": ^5.5.0
    "@ethersproject/address": ^5.5.0
    "@ethersproject/bytes": ^5.5.0
    "@ethersproject/hdnode": ^5.5.0
    "@ethersproject/keccak256": ^5.5.0
    "@ethersproject/logger": ^5.5.0
    "@ethersproject/pbkdf2": ^5.5.0
    "@ethersproject/properties": ^5.5.0
    "@ethersproject/random": ^5.5.0
    "@ethersproject/strings": ^5.5.0
    "@ethersproject/transactions": ^5.5.0
    aes-js: 3.0.0
    scrypt-js: 3.0.1
  checksum: 55166bcef805382348c8756feb383f4e10fb4fa7938a3ec17fb738d16f329fafedcbbe6daedf7dcc9dc3ebb5b7db326870dd63596381c9babec458c616563a4e
  languageName: node
  linkType: hard

"@ethersproject/json-wallets@npm:5.6.0, @ethersproject/json-wallets@npm:^5.6.0":
  version: 5.6.0
  resolution: "@ethersproject/json-wallets@npm:5.6.0"
  dependencies:
    "@ethersproject/abstract-signer": ^5.6.0
    "@ethersproject/address": ^5.6.0
    "@ethersproject/bytes": ^5.6.0
    "@ethersproject/hdnode": ^5.6.0
    "@ethersproject/keccak256": ^5.6.0
    "@ethersproject/logger": ^5.6.0
    "@ethersproject/pbkdf2": ^5.6.0
    "@ethersproject/properties": ^5.6.0
    "@ethersproject/random": ^5.6.0
    "@ethersproject/strings": ^5.6.0
    "@ethersproject/transactions": ^5.6.0
    aes-js: 3.0.0
    scrypt-js: 3.0.1
  checksum: 8dda507745736bf37708af93df72727b4f375ff0f548e9496a39725fee5618955b3c4ce4850e667eca8b5b8576face747bb79be2f49a445b3228f99456675d3d
  languageName: node
  linkType: hard

"@ethersproject/keccak256@npm:5.5.0, @ethersproject/keccak256@npm:^5.5.0":
  version: 5.5.0
  resolution: "@ethersproject/keccak256@npm:5.5.0"
  dependencies:
    "@ethersproject/bytes": ^5.5.0
    js-sha3: 0.8.0
  checksum: 587590c8448f3e1db52320d4fecc807d94a8ee83253110c076c7f8ce3b3127f7fd56c302f1ee80e6bc2764a4949a490ee5143344fabfad2a65020dc2f5896a85
  languageName: node
  linkType: hard

"@ethersproject/keccak256@npm:5.6.0, @ethersproject/keccak256@npm:^5.6.0":
  version: 5.6.0
  resolution: "@ethersproject/keccak256@npm:5.6.0"
  dependencies:
    "@ethersproject/bytes": ^5.6.0
    js-sha3: 0.8.0
  checksum: 8683ee5c665ae23c9e1a46be4efb9f208f256abc1885844ec653452ad6dd58d08e5df0d78fc01eef33dc10bca38e27a94390b71a86fae666ef7eddf49860e047
  languageName: node
  linkType: hard

"@ethersproject/logger@npm:5.5.0, @ethersproject/logger@npm:^5.5.0":
  version: 5.5.0
  resolution: "@ethersproject/logger@npm:5.5.0"
  checksum: 61d813ef8b9049e406f0b0b095f40a3809f8097dab4aaac980d91866a0e2718582d8e9d68b4280c7935546d3116cbc93a635d8f82e2a7963d6e2a1d43f29eb9a
  languageName: node
  linkType: hard

"@ethersproject/logger@npm:5.6.0, @ethersproject/logger@npm:^5.6.0":
  version: 5.6.0
  resolution: "@ethersproject/logger@npm:5.6.0"
  checksum: 6eee38a973c7a458552278971c109a3e5df3c257e433cb959da9a287ea04628d1f510d41b83bd5f9da5ddc05d97d307ed2162a9ba1b4fcc50664e4f60061636c
  languageName: node
  linkType: hard

"@ethersproject/networks@npm:5.5.1, @ethersproject/networks@npm:^5.5.0":
  version: 5.5.1
  resolution: "@ethersproject/networks@npm:5.5.1"
  dependencies:
    "@ethersproject/logger": ^5.5.0
  checksum: 467861e394b4d1ea353b37d0ee4b2d5f5b3b99714ed7304db30503b370b9329986299162316f2bcec7b94fb9ac68817ca189cb2f6c783a5c6b03be192ac1c92a
  languageName: node
  linkType: hard

"@ethersproject/networks@npm:5.6.1, @ethersproject/networks@npm:^5.6.0":
  version: 5.6.1
  resolution: "@ethersproject/networks@npm:5.6.1"
  dependencies:
    "@ethersproject/logger": ^5.6.0
  checksum: e894369e58b45563653155df6f6db9a919448fc077a74a8fcc3fa10423335250372243868bcc2cc08857f081af6320a3a62d322340d2e5364fb25c258c978b9e
  languageName: node
  linkType: hard

"@ethersproject/pbkdf2@npm:5.5.0, @ethersproject/pbkdf2@npm:^5.5.0":
  version: 5.5.0
  resolution: "@ethersproject/pbkdf2@npm:5.5.0"
  dependencies:
    "@ethersproject/bytes": ^5.5.0
    "@ethersproject/sha2": ^5.5.0
  checksum: 75bb235dc05a879006da4fd82cc407d541bcca3d0ca23348ac24362dc5981d57ffc5d9c61e417f3d51a6a0887565e77338a583c6acc135532f8721c46035cc84
  languageName: node
  linkType: hard

"@ethersproject/pbkdf2@npm:5.6.0, @ethersproject/pbkdf2@npm:^5.6.0":
  version: 5.6.0
  resolution: "@ethersproject/pbkdf2@npm:5.6.0"
  dependencies:
    "@ethersproject/bytes": ^5.6.0
    "@ethersproject/sha2": ^5.6.0
  checksum: 7d70b46f39373a07abb5512f38ce2c9f3e05640a07c658b584909e22d51c8c47882396427b9ab6ce80a1aa3f2074fd0a2aa6ac03290e2d7505089aa5ebccb55c
  languageName: node
  linkType: hard

"@ethersproject/properties@npm:5.5.0, @ethersproject/properties@npm:^5.5.0":
  version: 5.5.0
  resolution: "@ethersproject/properties@npm:5.5.0"
  dependencies:
    "@ethersproject/logger": ^5.5.0
  checksum: 1e71a13291e87c3be5fc0fa5e96a1e6043fd6bc3c3507f2cdd21f76ce73a7c05a973d6f63934943227c806a6b4bdeb1a719a6a12b79529ab002a0c0bf509363d
  languageName: node
  linkType: hard

"@ethersproject/properties@npm:5.6.0, @ethersproject/properties@npm:^5.6.0":
  version: 5.6.0
  resolution: "@ethersproject/properties@npm:5.6.0"
  dependencies:
    "@ethersproject/logger": ^5.6.0
  checksum: adcb6a843dcdf809262d77d6fbe52acdd48703327b298f78e698b76784e89564fb81791d27eaee72b1a6aaaf5688ea2ae7a95faabdef8b4aecc99989fec55901
  languageName: node
  linkType: hard

"@ethersproject/providers@npm:5.5.1":
  version: 5.5.1
  resolution: "@ethersproject/providers@npm:5.5.1"
  dependencies:
    "@ethersproject/abstract-provider": ^5.5.0
    "@ethersproject/abstract-signer": ^5.5.0
    "@ethersproject/address": ^5.5.0
    "@ethersproject/basex": ^5.5.0
    "@ethersproject/bignumber": ^5.5.0
    "@ethersproject/bytes": ^5.5.0
    "@ethersproject/constants": ^5.5.0
    "@ethersproject/hash": ^5.5.0
    "@ethersproject/logger": ^5.5.0
    "@ethersproject/networks": ^5.5.0
    "@ethersproject/properties": ^5.5.0
    "@ethersproject/random": ^5.5.0
    "@ethersproject/rlp": ^5.5.0
    "@ethersproject/sha2": ^5.5.0
    "@ethersproject/strings": ^5.5.0
    "@ethersproject/transactions": ^5.5.0
    "@ethersproject/web": ^5.5.0
    bech32: 1.1.4
    ws: 7.4.6
  checksum: c2cf3fbf63cef1733416771ccd404c6b53ac47a44470a13d19f250f247ce8e8d5c75b90982d265bb0261a62260054ae9b9ced8323b4e9d9834e2798b19d62f38
  languageName: node
  linkType: hard

"@ethersproject/providers@npm:5.6.2":
  version: 5.6.2
  resolution: "@ethersproject/providers@npm:5.6.2"
  dependencies:
    "@ethersproject/abstract-provider": ^5.6.0
    "@ethersproject/abstract-signer": ^5.6.0
    "@ethersproject/address": ^5.6.0
    "@ethersproject/basex": ^5.6.0
    "@ethersproject/bignumber": ^5.6.0
    "@ethersproject/bytes": ^5.6.0
    "@ethersproject/constants": ^5.6.0
    "@ethersproject/hash": ^5.6.0
    "@ethersproject/logger": ^5.6.0
    "@ethersproject/networks": ^5.6.0
    "@ethersproject/properties": ^5.6.0
    "@ethersproject/random": ^5.6.0
    "@ethersproject/rlp": ^5.6.0
    "@ethersproject/sha2": ^5.6.0
    "@ethersproject/strings": ^5.6.0
    "@ethersproject/transactions": ^5.6.0
    "@ethersproject/web": ^5.6.0
    bech32: 1.1.4
    ws: 7.4.6
  checksum: 30409755c227eab65a94ec3d7834560af5d0c7a2359855e597c0ecdfd312e851324ab8d47d0afcf60efa7a008b75c23be1a1a9d219872f99aa165283139f543a
  languageName: node
  linkType: hard

"@ethersproject/random@npm:5.5.0, @ethersproject/random@npm:^5.5.0":
  version: 5.5.0
  resolution: "@ethersproject/random@npm:5.5.0"
  dependencies:
    "@ethersproject/bytes": ^5.5.0
    "@ethersproject/logger": ^5.5.0
  checksum: 7acbe2a5d318fc4553d16e4f204d8cb430f453db2fa138d1e0c3397d9b01a537e512357764f81e984d0818fdbe10899bf35edb8bb204e999d9ff9fe1087e04fc
  languageName: node
  linkType: hard

"@ethersproject/random@npm:5.6.0, @ethersproject/random@npm:^5.6.0":
  version: 5.6.0
  resolution: "@ethersproject/random@npm:5.6.0"
  dependencies:
    "@ethersproject/bytes": ^5.6.0
    "@ethersproject/logger": ^5.6.0
  checksum: 0d21ce97503f2764b01402093ba73afec69d2631611fe0bda35690e1e2aea0eda39f32dc868123c87505cf5e0618dd32c4aed933203d8011e234889e455212b3
  languageName: node
  linkType: hard

"@ethersproject/rlp@npm:5.5.0, @ethersproject/rlp@npm:^5.5.0":
  version: 5.5.0
  resolution: "@ethersproject/rlp@npm:5.5.0"
  dependencies:
    "@ethersproject/bytes": ^5.5.0
    "@ethersproject/logger": ^5.5.0
  checksum: 6ffb619b1a3d3ca5cb8cb52ee586bb16061a083d77751b98b3b822a7af170344034bcc819f78d1cb4f4ea80bd9a504cb6d55cdb1356b5a14af24bacfb74f837d
  languageName: node
  linkType: hard

"@ethersproject/rlp@npm:5.6.0, @ethersproject/rlp@npm:^5.6.0":
  version: 5.6.0
  resolution: "@ethersproject/rlp@npm:5.6.0"
  dependencies:
    "@ethersproject/bytes": ^5.6.0
    "@ethersproject/logger": ^5.6.0
  checksum: 3697871cec540e3bf3fd7a6a65ef3e5ca223f684ac928ecf028619eee251c6c5427b02493c152f057f5e9b07ea216d24f807ec84e5df80414511f8aff5505359
  languageName: node
  linkType: hard

"@ethersproject/sha2@npm:5.5.0, @ethersproject/sha2@npm:^5.5.0":
  version: 5.5.0
  resolution: "@ethersproject/sha2@npm:5.5.0"
  dependencies:
    "@ethersproject/bytes": ^5.5.0
    "@ethersproject/logger": ^5.5.0
    hash.js: 1.1.7
  checksum: 31d8bc4d0b8a8948e1562de7a2e3bb98709672e66541c0c9ae76e1b93918ad04b4fbe89f9d39bc739627a6bd00978ab256099d1ae30f44ccda7bbd7bea3c5f40
  languageName: node
  linkType: hard

"@ethersproject/sha2@npm:5.6.0, @ethersproject/sha2@npm:^5.6.0":
  version: 5.6.0
  resolution: "@ethersproject/sha2@npm:5.6.0"
  dependencies:
    "@ethersproject/bytes": ^5.6.0
    "@ethersproject/logger": ^5.6.0
    hash.js: 1.1.7
  checksum: 8f424f52720e9127e015afca948412289f97444bc9c3e38c06a43fb1635aa29a7e98976ee4dab7044ba51b25836092377c0691ccbcae6fe7349ca38ca3ab8d80
  languageName: node
  linkType: hard

"@ethersproject/signing-key@npm:5.5.0, @ethersproject/signing-key@npm:^5.5.0":
  version: 5.5.0
  resolution: "@ethersproject/signing-key@npm:5.5.0"
  dependencies:
    "@ethersproject/bytes": ^5.5.0
    "@ethersproject/logger": ^5.5.0
    "@ethersproject/properties": ^5.5.0
    bn.js: ^4.11.9
    elliptic: 6.5.4
    hash.js: 1.1.7
  checksum: 28ba124eaff7fb69f256950957e9562781c060a7f998750cce003819bed25018cbc4cde052d93913bbfa419ce905b1c89a326dac90a96cf00a97924e163c116b
  languageName: node
  linkType: hard

"@ethersproject/signing-key@npm:5.6.0, @ethersproject/signing-key@npm:^5.6.0":
  version: 5.6.0
  resolution: "@ethersproject/signing-key@npm:5.6.0"
  dependencies:
    "@ethersproject/bytes": ^5.6.0
    "@ethersproject/logger": ^5.6.0
    "@ethersproject/properties": ^5.6.0
    bn.js: ^4.11.9
    elliptic: 6.5.4
    hash.js: 1.1.7
  checksum: c61118ff1ff89560da59cf77ca6553762e94b9d2757542be15dcf7eb4962327faede941d8461272afb8550cc2e28d38e7e89d199650ebae07a596df3c2059e08
  languageName: node
  linkType: hard

"@ethersproject/solidity@npm:5.5.0":
  version: 5.5.0
  resolution: "@ethersproject/solidity@npm:5.5.0"
  dependencies:
    "@ethersproject/bignumber": ^5.5.0
    "@ethersproject/bytes": ^5.5.0
    "@ethersproject/keccak256": ^5.5.0
    "@ethersproject/logger": ^5.5.0
    "@ethersproject/sha2": ^5.5.0
    "@ethersproject/strings": ^5.5.0
  checksum: f19a4ebe235a43fe3749420822e4b5e9f3b7b7a95e6c102cd46b9a589118660db099d9a9ef1770b4d15c3710b97bbebc74852a838644a47a769bc997460dbed7
  languageName: node
  linkType: hard

"@ethersproject/solidity@npm:5.6.0":
  version: 5.6.0
  resolution: "@ethersproject/solidity@npm:5.6.0"
  dependencies:
    "@ethersproject/bignumber": ^5.6.0
    "@ethersproject/bytes": ^5.6.0
    "@ethersproject/keccak256": ^5.6.0
    "@ethersproject/logger": ^5.6.0
    "@ethersproject/sha2": ^5.6.0
    "@ethersproject/strings": ^5.6.0
  checksum: e23475603167291b0589cc7d1187e45f3bc5042de958153503e7a259a5d1677ce336d5cdb570805529e50d0bb5b9ade6ce6c0553ec7ea7bed5ecae603262701d
  languageName: node
  linkType: hard

"@ethersproject/strings@npm:5.5.0, @ethersproject/strings@npm:^5.5.0":
  version: 5.5.0
  resolution: "@ethersproject/strings@npm:5.5.0"
  dependencies:
    "@ethersproject/bytes": ^5.5.0
    "@ethersproject/constants": ^5.5.0
    "@ethersproject/logger": ^5.5.0
  checksum: b17c0a3488b7a829317f6fb842af4f848f183083741846a3e05cd79fd8b76979e0211a060f03e9a528f79af7a4b077ac4421ed03194a73b738b2804969acd202
  languageName: node
  linkType: hard

"@ethersproject/strings@npm:5.6.0, @ethersproject/strings@npm:^5.6.0":
  version: 5.6.0
  resolution: "@ethersproject/strings@npm:5.6.0"
  dependencies:
    "@ethersproject/bytes": ^5.6.0
    "@ethersproject/constants": ^5.6.0
    "@ethersproject/logger": ^5.6.0
  checksum: 0b69bdd2c2767049599e1b6bbf34782166a1b901fd00a09b2dab0f4a92a6a1e85bb28d498f40f138a68baf62714831b6398e170358c861b4b1e54bfac375b655
  languageName: node
  linkType: hard

"@ethersproject/transactions@npm:5.5.0, @ethersproject/transactions@npm:^5.5.0":
  version: 5.5.0
  resolution: "@ethersproject/transactions@npm:5.5.0"
  dependencies:
    "@ethersproject/address": ^5.5.0
    "@ethersproject/bignumber": ^5.5.0
    "@ethersproject/bytes": ^5.5.0
    "@ethersproject/constants": ^5.5.0
    "@ethersproject/keccak256": ^5.5.0
    "@ethersproject/logger": ^5.5.0
    "@ethersproject/properties": ^5.5.0
    "@ethersproject/rlp": ^5.5.0
    "@ethersproject/signing-key": ^5.5.0
  checksum: 2de8ddb08927cbdec73de588e0ee1a9eb8f28a7f580deccc8bf51501c371ceaab252cc3339bdca620d94541c1fd214f58d279b50e2c27abe206a892fe917cf55
  languageName: node
  linkType: hard

"@ethersproject/transactions@npm:5.6.0, @ethersproject/transactions@npm:^5.6.0":
  version: 5.6.0
  resolution: "@ethersproject/transactions@npm:5.6.0"
  dependencies:
    "@ethersproject/address": ^5.6.0
    "@ethersproject/bignumber": ^5.6.0
    "@ethersproject/bytes": ^5.6.0
    "@ethersproject/constants": ^5.6.0
    "@ethersproject/keccak256": ^5.6.0
    "@ethersproject/logger": ^5.6.0
    "@ethersproject/properties": ^5.6.0
    "@ethersproject/rlp": ^5.6.0
    "@ethersproject/signing-key": ^5.6.0
  checksum: b01a3a9ce1e2d945825adbecfc71b992293e0274b77caf2c0b3c45bb76919ce64aa888a5705e6745a84448c50fc4eb58ff5e0ad11c37b1aae33c7a7d3b8af883
  languageName: node
  linkType: hard

"@ethersproject/units@npm:5.5.0":
  version: 5.5.0
  resolution: "@ethersproject/units@npm:5.5.0"
  dependencies:
    "@ethersproject/bignumber": ^5.5.0
    "@ethersproject/constants": ^5.5.0
    "@ethersproject/logger": ^5.5.0
  checksum: 7d5a841eb00ec693073dd3f020e1a3207cf917f37af30aaf1b5b3db03ecb2347f84733ea0d820a14cafd12922e8f7137bcf1b0d6309b7520a4a8db7c9e9de7a0
  languageName: node
  linkType: hard

"@ethersproject/units@npm:5.6.0":
  version: 5.6.0
  resolution: "@ethersproject/units@npm:5.6.0"
  dependencies:
    "@ethersproject/bignumber": ^5.6.0
    "@ethersproject/constants": ^5.6.0
    "@ethersproject/logger": ^5.6.0
  checksum: 4bca3d4797de2f204d6c23f64e417f60580008139067cf971ff0da3c03c20921f006933a6ae035b53df0e2522f8f999596dcd9df385b22b4b6f9479409f46b13
  languageName: node
  linkType: hard

"@ethersproject/wallet@npm:5.5.0":
  version: 5.5.0
  resolution: "@ethersproject/wallet@npm:5.5.0"
  dependencies:
    "@ethersproject/abstract-provider": ^5.5.0
    "@ethersproject/abstract-signer": ^5.5.0
    "@ethersproject/address": ^5.5.0
    "@ethersproject/bignumber": ^5.5.0
    "@ethersproject/bytes": ^5.5.0
    "@ethersproject/hash": ^5.5.0
    "@ethersproject/hdnode": ^5.5.0
    "@ethersproject/json-wallets": ^5.5.0
    "@ethersproject/keccak256": ^5.5.0
    "@ethersproject/logger": ^5.5.0
    "@ethersproject/properties": ^5.5.0
    "@ethersproject/random": ^5.5.0
    "@ethersproject/signing-key": ^5.5.0
    "@ethersproject/transactions": ^5.5.0
    "@ethersproject/wordlists": ^5.5.0
  checksum: f7d38eb1cbd2eccaebf21a6104105bac133a80c37c9658d79a41f83d2b9166b09369ce0f5f2a5a1f9e317dfcb0d9d608e358bf53b85f34a7a3c8cf55b307f455
  languageName: node
  linkType: hard

"@ethersproject/wallet@npm:5.6.0":
  version: 5.6.0
  resolution: "@ethersproject/wallet@npm:5.6.0"
  dependencies:
    "@ethersproject/abstract-provider": ^5.6.0
    "@ethersproject/abstract-signer": ^5.6.0
    "@ethersproject/address": ^5.6.0
    "@ethersproject/bignumber": ^5.6.0
    "@ethersproject/bytes": ^5.6.0
    "@ethersproject/hash": ^5.6.0
    "@ethersproject/hdnode": ^5.6.0
    "@ethersproject/json-wallets": ^5.6.0
    "@ethersproject/keccak256": ^5.6.0
    "@ethersproject/logger": ^5.6.0
    "@ethersproject/properties": ^5.6.0
    "@ethersproject/random": ^5.6.0
    "@ethersproject/signing-key": ^5.6.0
    "@ethersproject/transactions": ^5.6.0
    "@ethersproject/wordlists": ^5.6.0
  checksum: 2e0900f136ffd0418a161d708116d6b966596c001a7f55861ceeea28282ce6ad61180cce24589c9b4df001d096352d57128a401edfc613af9daed3724b2a0ec9
  languageName: node
  linkType: hard

"@ethersproject/web@npm:5.5.1, @ethersproject/web@npm:^5.5.0":
  version: 5.5.1
  resolution: "@ethersproject/web@npm:5.5.1"
  dependencies:
    "@ethersproject/base64": ^5.5.0
    "@ethersproject/bytes": ^5.5.0
    "@ethersproject/logger": ^5.5.0
    "@ethersproject/properties": ^5.5.0
    "@ethersproject/strings": ^5.5.0
  checksum: 4718efd7e78f69ccd069309d7d46de562a988ab3e01089e047259b714bbf958d917e86c57c1a6ec99724c4dfd0338bb6b3dc990597a1326f7199039e450bc73c
  languageName: node
  linkType: hard

"@ethersproject/web@npm:5.6.0, @ethersproject/web@npm:^5.6.0":
  version: 5.6.0
  resolution: "@ethersproject/web@npm:5.6.0"
  dependencies:
    "@ethersproject/base64": ^5.6.0
    "@ethersproject/bytes": ^5.6.0
    "@ethersproject/logger": ^5.6.0
    "@ethersproject/properties": ^5.6.0
    "@ethersproject/strings": ^5.6.0
  checksum: 42b6e71658393e5abf8341c6bea0deb22cc744b4d22b3a979ed876bc772723b800c18e5180e223f77c47fb045828ef16ba5a01e8dd346474cf430533d1f053bc
  languageName: node
  linkType: hard

"@ethersproject/wordlists@npm:5.5.0, @ethersproject/wordlists@npm:^5.5.0":
  version: 5.5.0
  resolution: "@ethersproject/wordlists@npm:5.5.0"
  dependencies:
    "@ethersproject/bytes": ^5.5.0
    "@ethersproject/hash": ^5.5.0
    "@ethersproject/logger": ^5.5.0
    "@ethersproject/properties": ^5.5.0
    "@ethersproject/strings": ^5.5.0
  checksum: 3eb0b1027dcca11bfb3662822271732581975edfe3e22e16d2dead9aa998093a905c926aa0aaefeb6ea9188bd9ee6f6286edfd6ec246ff974c05bf43b4551141
  languageName: node
  linkType: hard

"@ethersproject/wordlists@npm:5.6.0, @ethersproject/wordlists@npm:^5.6.0":
  version: 5.6.0
  resolution: "@ethersproject/wordlists@npm:5.6.0"
  dependencies:
    "@ethersproject/bytes": ^5.6.0
    "@ethersproject/hash": ^5.6.0
    "@ethersproject/logger": ^5.6.0
    "@ethersproject/properties": ^5.6.0
    "@ethersproject/strings": ^5.6.0
  checksum: 648d948d884aff09cfc11f1db404fff0489a49d50f4d878f2dbda14e02214c24e2e2efec7a3215929a5e433232413c435e41d47f2f405a46408cfd79c7f2ae78
  languageName: node
  linkType: hard

"@trustlessfi/multicall@workspace:.":
  version: 0.0.0-use.local
  resolution: "@trustlessfi/multicall@workspace:."
  dependencies:
    "@trustlessfi/utils": ^0.2.9
    ethers: ^5.6.2
    typescript: ^4.6.3
  languageName: unknown
  linkType: soft

"@trustlessfi/utils@npm:^0.2.9":
  version: 0.2.9
  resolution: "@trustlessfi/utils@npm:0.2.9"
  dependencies:
    ethers: ^5.4.7
  checksum: 1e1fd6408b28c41d9d29f826e2418307f6d08a47380a77a1bc61554893115fb427e7759c47d5921dbcfccab9ed2c646a59c0028ff85ea5052230d1e4f9f2e44c
  languageName: node
  linkType: hard

"aes-js@npm:3.0.0":
  version: 3.0.0
  resolution: "aes-js@npm:3.0.0"
  checksum: 251e26d533cd1a915b44896b17d5ed68c24a02484cfdd2e74ec700a309267db96651ea4eb657bf20aac32a3baa61f6e34edf8e2fec2de440a655da9942d334b8
  languageName: node
  linkType: hard

"bech32@npm:1.1.4":
  version: 1.1.4
  resolution: "bech32@npm:1.1.4"
  checksum: 0e98db619191548390d6f09ff68b0253ba7ae6a55db93dfdbb070ba234c1fd3308c0606fbcc95fad50437227b10011e2698b89f0181f6e7f845c499bd14d0f4b
  languageName: node
  linkType: hard

"bn.js@npm:^4.11.9":
  version: 4.12.0
  resolution: "bn.js@npm:4.12.0"
  checksum: 39afb4f15f4ea537b55eaf1446c896af28ac948fdcf47171961475724d1bb65118cca49fa6e3d67706e4790955ec0e74de584e45c8f1ef89f46c812bee5b5a12
  languageName: node
  linkType: hard

"brorand@npm:^1.1.0":
  version: 1.1.0
  resolution: "brorand@npm:1.1.0"
  checksum: 8a05c9f3c4b46572dec6ef71012b1946db6cae8c7bb60ccd4b7dd5a84655db49fe043ecc6272e7ef1f69dc53d6730b9e2a3a03a8310509a3d797a618cbee52be
  languageName: node
  linkType: hard

"elliptic@npm:6.5.4":
  version: 6.5.4
  resolution: "elliptic@npm:6.5.4"
  dependencies:
    bn.js: ^4.11.9
    brorand: ^1.1.0
    hash.js: ^1.0.0
    hmac-drbg: ^1.0.1
    inherits: ^2.0.4
    minimalistic-assert: ^1.0.1
    minimalistic-crypto-utils: ^1.0.1
  checksum: d56d21fd04e97869f7ffcc92e18903b9f67f2d4637a23c860492fbbff5a3155fd9ca0184ce0c865dd6eb2487d234ce9551335c021c376cd2d3b7cb749c7d10f4
  languageName: node
  linkType: hard

"ethers@npm:^5.4.7":
  version: 5.5.2
  resolution: "ethers@npm:5.5.2"
  dependencies:
    "@ethersproject/abi": 5.5.0
    "@ethersproject/abstract-provider": 5.5.1
    "@ethersproject/abstract-signer": 5.5.0
    "@ethersproject/address": 5.5.0
    "@ethersproject/base64": 5.5.0
    "@ethersproject/basex": 5.5.0
    "@ethersproject/bignumber": 5.5.0
    "@ethersproject/bytes": 5.5.0
    "@ethersproject/constants": 5.5.0
    "@ethersproject/contracts": 5.5.0
    "@ethersproject/hash": 5.5.0
    "@ethersproject/hdnode": 5.5.0
    "@ethersproject/json-wallets": 5.5.0
    "@ethersproject/keccak256": 5.5.0
    "@ethersproject/logger": 5.5.0
    "@ethersproject/networks": 5.5.1
    "@ethersproject/pbkdf2": 5.5.0
    "@ethersproject/properties": 5.5.0
    "@ethersproject/providers": 5.5.1
    "@ethersproject/random": 5.5.0
    "@ethersproject/rlp": 5.5.0
    "@ethersproject/sha2": 5.5.0
    "@ethersproject/signing-key": 5.5.0
    "@ethersproject/solidity": 5.5.0
    "@ethersproject/strings": 5.5.0
    "@ethersproject/transactions": 5.5.0
    "@ethersproject/units": 5.5.0
    "@ethersproject/wallet": 5.5.0
    "@ethersproject/web": 5.5.1
    "@ethersproject/wordlists": 5.5.0
  checksum: 5a1200b4db4dc4179c66488612864c18e42000ec18997ba5ea6c21c3c6a5e65de7ebea41926d15dbb195f9f49eb3b00335195be38b78a3468e47d2e9868b6645
  languageName: node
  linkType: hard

"ethers@npm:^5.6.2":
  version: 5.6.2
  resolution: "ethers@npm:5.6.2"
  dependencies:
    "@ethersproject/abi": 5.6.0
    "@ethersproject/abstract-provider": 5.6.0
    "@ethersproject/abstract-signer": 5.6.0
    "@ethersproject/address": 5.6.0
    "@ethersproject/base64": 5.6.0
    "@ethersproject/basex": 5.6.0
    "@ethersproject/bignumber": 5.6.0
    "@ethersproject/bytes": 5.6.1
    "@ethersproject/constants": 5.6.0
    "@ethersproject/contracts": 5.6.0
    "@ethersproject/hash": 5.6.0
    "@ethersproject/hdnode": 5.6.0
    "@ethersproject/json-wallets": 5.6.0
    "@ethersproject/keccak256": 5.6.0
    "@ethersproject/logger": 5.6.0
    "@ethersproject/networks": 5.6.1
    "@ethersproject/pbkdf2": 5.6.0
    "@ethersproject/properties": 5.6.0
    "@ethersproject/providers": 5.6.2
    "@ethersproject/random": 5.6.0
    "@ethersproject/rlp": 5.6.0
    "@ethersproject/sha2": 5.6.0
    "@ethersproject/signing-key": 5.6.0
    "@ethersproject/solidity": 5.6.0
    "@ethersproject/strings": 5.6.0
    "@ethersproject/transactions": 5.6.0
    "@ethersproject/units": 5.6.0
    "@ethersproject/wallet": 5.6.0
    "@ethersproject/web": 5.6.0
    "@ethersproject/wordlists": 5.6.0
  checksum: 47458ba83140bff55e884ae4e7f1558b0bb3a4d90b98c002d60387cfc1fe7c5cac7a6903930880e6d7e791ebdc5409a16c634e77bcb0cc56d85ccd6b5441c7ad
  languageName: node
  linkType: hard

"hash.js@npm:1.1.7, hash.js@npm:^1.0.0, hash.js@npm:^1.0.3":
  version: 1.1.7
  resolution: "hash.js@npm:1.1.7"
  dependencies:
    inherits: ^2.0.3
    minimalistic-assert: ^1.0.1
  checksum: e350096e659c62422b85fa508e4b3669017311aa4c49b74f19f8e1bc7f3a54a584fdfd45326d4964d6011f2b2d882e38bea775a96046f2a61b7779a979629d8f
  languageName: node
  linkType: hard

"hmac-drbg@npm:^1.0.1":
  version: 1.0.1
  resolution: "hmac-drbg@npm:1.0.1"
  dependencies:
    hash.js: ^1.0.3
    minimalistic-assert: ^1.0.0
    minimalistic-crypto-utils: ^1.0.1
  checksum: bd30b6a68d7f22d63f10e1888aee497d7c2c5c0bb469e66bbdac99f143904d1dfe95f8131f95b3e86c86dd239963c9d972fcbe147e7cffa00e55d18585c43fe0
  languageName: node
  linkType: hard

"inherits@npm:^2.0.3, inherits@npm:^2.0.4":
  version: 2.0.4
  resolution: "inherits@npm:2.0.4"
  checksum: 4a48a733847879d6cf6691860a6b1e3f0f4754176e4d71494c41f3475553768b10f84b5ce1d40fbd0e34e6bfbb864ee35858ad4dd2cf31e02fc4a154b724d7f1
  languageName: node
  linkType: hard

"js-sha3@npm:0.8.0":
  version: 0.8.0
  resolution: "js-sha3@npm:0.8.0"
  checksum: 75df77c1fc266973f06cce8309ce010e9e9f07ec35ab12022ed29b7f0d9c8757f5a73e1b35aa24840dced0dea7059085aa143d817aea9e188e2a80d569d9adce
  languageName: node
  linkType: hard

"minimalistic-assert@npm:^1.0.0, minimalistic-assert@npm:^1.0.1":
  version: 1.0.1
  resolution: "minimalistic-assert@npm:1.0.1"
  checksum: cc7974a9268fbf130fb055aff76700d7e2d8be5f761fb5c60318d0ed010d839ab3661a533ad29a5d37653133385204c503bfac995aaa4236f4e847461ea32ba7
  languageName: node
  linkType: hard

"minimalistic-crypto-utils@npm:^1.0.1":
  version: 1.0.1
  resolution: "minimalistic-crypto-utils@npm:1.0.1"
  checksum: 6e8a0422b30039406efd4c440829ea8f988845db02a3299f372fceba56ffa94994a9c0f2fd70c17f9969eedfbd72f34b5070ead9656a34d3f71c0bd72583a0ed
  languageName: node
  linkType: hard

"scrypt-js@npm:3.0.1":
  version: 3.0.1
  resolution: "scrypt-js@npm:3.0.1"
  checksum: b7c7d1a68d6ca946f2fbb0778e0c4ec63c65501b54023b2af7d7e9f48fdb6c6580d6f7675cd53bda5944c5ebc057560d5a6365079752546865defb3b79dea454
  languageName: node
  linkType: hard

"typescript@npm:^4.6.3":
  version: 4.6.3
  resolution: "typescript@npm:4.6.3"
  bin:
    tsc: bin/tsc
    tsserver: bin/tsserver
  checksum: 255bb26c8cb846ca689dd1c3a56587af4f69055907aa2c154796ea28ee0dea871535b1c78f85a6212c77f2657843a269c3a742d09d81495b97b914bf7920415b
  languageName: node
  linkType: hard

"typescript@patch:typescript@^4.6.3#~builtin<compat/typescript>":
  version: 4.6.3
  resolution: "typescript@patch:typescript@npm%3A4.6.3#~builtin<compat/typescript>::version=4.6.3&hash=493e53"
  bin:
    tsc: bin/tsc
    tsserver: bin/tsserver
  checksum: fe6bdc1afb2f145ddb7b0a3a31f96352209f6a5704d97f038414ea22ff9d8dd42f32cfb6652e30458d7d958d2d4e85de2df11c574899c6f750a6b3c0e90a3a76
  languageName: node
  linkType: hard

"ws@npm:7.4.6":
  version: 7.4.6
  resolution: "ws@npm:7.4.6"
  peerDependencies:
    bufferutil: ^4.0.1
    utf-8-validate: ^5.0.2
  peerDependenciesMeta:
    bufferutil:
      optional: true
    utf-8-validate:
      optional: true
  checksum: 3a990b32ed08c72070d5e8913e14dfcd831919205be52a3ff0b4cdd998c8d554f167c9df3841605cde8b11d607768cacab3e823c58c96a5c08c987e093eb767a
  languageName: node
  linkType: hard
